// !$*UTF8*$!
{
	archiveVersion = 1;
	classes = {
	};
	objectVersion = 50;
	objects = {

/* Begin PBXBuildFile section */
		8802AD93264B237A00FC0AE6 /* binary_reverse.swift in Sources */ = {isa = PBXBuildFile; fileRef = 8802AD92264B237A00FC0AE6 /* binary_reverse.swift */; };
		8814D280267935F1008C2207 /* queue_stack.swift in Sources */ = {isa = PBXBuildFile; fileRef = 8814D27F267935F1008C2207 /* queue_stack.swift */; };
		8814D284267942A9008C2207 /* fixed_capacity_stack_string.swift in Sources */ = {isa = PBXBuildFile; fileRef = 8814D283267942A9008C2207 /* fixed_capacity_stack_string.swift */; };
		88259FA82661855100AB5E2E /* gcd_euclid_approach.swift in Sources */ = {isa = PBXBuildFile; fileRef = 88259FA72661855000AB5E2E /* gcd_euclid_approach.swift */; };
		88259FAA26618BE600AB5E2E /* binomial_coefficient.swift in Sources */ = {isa = PBXBuildFile; fileRef = 88259FA926618BE600AB5E2E /* binomial_coefficient.swift */; };
		88259FAE2661951600AB5E2E /* prime_among.swift in Sources */ = {isa = PBXBuildFile; fileRef = 88259FAD2661951600AB5E2E /* prime_among.swift */; };
		882A8709266ACFD5004D794D /* combo_sort.swift in Sources */ = {isa = PBXBuildFile; fileRef = 882A8708266ACFD5004D794D /* combo_sort.swift */; };
		88450320265BDF000053176B /* sum_the_even_repeats.swift in Sources */ = {isa = PBXBuildFile; fileRef = 8845031F265BDF000053176B /* sum_the_even_repeats.swift */; };
		88450322265BE0650053176B /* count_the_largest_range.swift in Sources */ = {isa = PBXBuildFile; fileRef = 88450321265BE0650053176B /* count_the_largest_range.swift */; };
		88450324265BE5C50053176B /* reverse_linked_list.swift in Sources */ = {isa = PBXBuildFile; fileRef = 88450323265BE5C50053176B /* reverse_linked_list.swift */; };
		8846729C266931EA00CC219A /* sum_array_of_numbers.swift in Sources */ = {isa = PBXBuildFile; fileRef = 8846729B266931EA00CC219A /* sum_array_of_numbers.swift */; };
		8846F17C26A3097A00D8D0F7 /* power_of_two.swift in Sources */ = {isa = PBXBuildFile; fileRef = 8846F17B26A3097A00D8D0F7 /* power_of_two.swift */; };
		884A624F26566348004FD7E1 /* linked_lists.swift in Sources */ = {isa = PBXBuildFile; fileRef = 884A624E26566348004FD7E1 /* linked_lists.swift */; };
		884A625126566630004FD7E1 /* linkedlist_mid_point.swift in Sources */ = {isa = PBXBuildFile; fileRef = 884A625026566630004FD7E1 /* linkedlist_mid_point.swift */; };
		884AFC8B2651A67F00ED74B6 /* find_the_median.swift in Sources */ = {isa = PBXBuildFile; fileRef = 884AFC8A2651A67F00ED74B6 /* find_the_median.swift */; };
		884AFC8D2651A85300ED74B6 /* recreate_index_of.swift in Sources */ = {isa = PBXBuildFile; fileRef = 884AFC8C2651A85300ED74B6 /* recreate_index_of.swift */; };
		884B4B7F25ED901A00DBED1C /* distribute_candies.swift in Sources */ = {isa = PBXBuildFile; fileRef = 884B4B7E25ED901A00DBED1C /* distribute_candies.swift */; };
		885419E625EAE1E500481CD9 /* main.swift in Sources */ = {isa = PBXBuildFile; fileRef = 885419E525EAE1E500481CD9 /* main.swift */; };
		885419F025EAE23800481CD9 /* remove_duplicates.swift in Sources */ = {isa = PBXBuildFile; fileRef = 885419EF25EAE23800481CD9 /* remove_duplicates.swift */; };
		885419F625EAE44500481CD9 /* Helper.swift in Sources */ = {isa = PBXBuildFile; fileRef = 885419F525EAE44500481CD9 /* Helper.swift */; };
		885419F925EAE47400481CD9 /* best_time_to_buy_and_sell_stock2.swift in Sources */ = {isa = PBXBuildFile; fileRef = 885419F825EAE47400481CD9 /* best_time_to_buy_and_sell_stock2.swift */; };
		885419FC25EAE4F700481CD9 /* rotate_array.swift in Sources */ = {isa = PBXBuildFile; fileRef = 885419FB25EAE4F700481CD9 /* rotate_array.swift */; };
		885419FF25EAE5E200481CD9 /* contains_duplicate.swift in Sources */ = {isa = PBXBuildFile; fileRef = 885419FE25EAE5E200481CD9 /* contains_duplicate.swift */; };
		88541A0225EAE65C00481CD9 /* single_number.swift in Sources */ = {isa = PBXBuildFile; fileRef = 88541A0125EAE65C00481CD9 /* single_number.swift */; };
		88541A0525EAE6C400481CD9 /* intersect_of_two_arrays2.swift in Sources */ = {isa = PBXBuildFile; fileRef = 88541A0425EAE6C400481CD9 /* intersect_of_two_arrays2.swift */; };
		88541A0825EAE6EA00481CD9 /* plus_one.swift in Sources */ = {isa = PBXBuildFile; fileRef = 88541A0725EAE6EA00481CD9 /* plus_one.swift */; };
		88541A0B25EAE6FD00481CD9 /* move_zeroes.swift in Sources */ = {isa = PBXBuildFile; fileRef = 88541A0A25EAE6FD00481CD9 /* move_zeroes.swift */; };
		88541A0E25EAE71900481CD9 /* two_sum.swift in Sources */ = {isa = PBXBuildFile; fileRef = 88541A0D25EAE71900481CD9 /* two_sum.swift */; };
		88541A1125EAE77600481CD9 /* rotate_image.swift in Sources */ = {isa = PBXBuildFile; fileRef = 88541A1025EAE77600481CD9 /* rotate_image.swift */; };
		8854F775265F09DD0092C78A /* histogram.swift in Sources */ = {isa = PBXBuildFile; fileRef = 8854F774265F09DD0092C78A /* histogram.swift */; };
		8855DA7326702E8D005F77E6 /* arrayChallenge.swift in Sources */ = {isa = PBXBuildFile; fileRef = 8855DA7226702E8D005F77E6 /* arrayChallenge.swift */; };
		885722972677A40900E3433E /* DateModel.swift in Sources */ = {isa = PBXBuildFile; fileRef = 885722962677A40900E3433E /* DateModel.swift */; };
		8857229C2677E60200E3433E /* accumulator.swift in Sources */ = {isa = PBXBuildFile; fileRef = 8857229B2677E60200E3433E /* accumulator.swift */; };
		885846272660F9C9004D3940 /* zigzag_conversion.swift in Sources */ = {isa = PBXBuildFile; fileRef = 885846262660F9C9004D3940 /* zigzag_conversion.swift */; };
		885846292660FB16004D3940 /* palindrome_number.swift in Sources */ = {isa = PBXBuildFile; fileRef = 885846282660FB16004D3940 /* palindrome_number.swift */; };
		8859B75525F26ED600FE48A9 /* average_of_levels_in_binarytree.swift in Sources */ = {isa = PBXBuildFile; fileRef = 8859B75425F26ED600FE48A9 /* average_of_levels_in_binarytree.swift */; };
		8859B75925F2742D00FE48A9 /* longest_substr_without_repeating_characters.swift in Sources */ = {isa = PBXBuildFile; fileRef = 8859B75825F2742D00FE48A9 /* longest_substr_without_repeating_characters.swift */; };
		885AE619265ED69E004FC4B3 /* sqrt_alg_with_newton_method.swift in Sources */ = {isa = PBXBuildFile; fileRef = 885AE618265ED69E004FC4B3 /* sqrt_alg_with_newton_method.swift */; };
		885AE61B265EDC29004FC4B3 /* binary_search_algorithm.swift in Sources */ = {isa = PBXBuildFile; fileRef = 885AE61A265EDC29004FC4B3 /* binary_search_algorithm.swift */; };
		885AE61E265EE2EB004FC4B3 /* StandartRandom.swift in Sources */ = {isa = PBXBuildFile; fileRef = 885AE61D265EE2EB004FC4B3 /* StandartRandom.swift */; };
		885BC9ED266A1EAF002C5BF2 /* binary_search_trees.swift in Sources */ = {isa = PBXBuildFile; fileRef = 885BC9EC266A1EAF002C5BF2 /* binary_search_trees.swift */; };
		885BC9F0266A2CF7002C5BF2 /* bubble_sort.swift in Sources */ = {isa = PBXBuildFile; fileRef = 885BC9EF266A2CF7002C5BF2 /* bubble_sort.swift */; };
		885F9D4F265AFF4F00D3FFC3 /* traversing_the_tree.swift in Sources */ = {isa = PBXBuildFile; fileRef = 885F9D4E265AFF4F00D3FFC3 /* traversing_the_tree.swift */; };
		885F9D51265AFF8E00D3FFC3 /* recreate_map.swift in Sources */ = {isa = PBXBuildFile; fileRef = 885F9D50265AFF8E00D3FFC3 /* recreate_map.swift */; };
		885F9D53265B05C700D3FFC3 /* recreate_min.swift in Sources */ = {isa = PBXBuildFile; fileRef = 885F9D52265B05C700D3FFC3 /* recreate_min.swift */; };
		885F9D55265B08F400D3FFC3 /* implement_deque.swift in Sources */ = {isa = PBXBuildFile; fileRef = 885F9D54265B08F400D3FFC3 /* implement_deque.swift */; };
		8861442A26473000002610FE /* is_palindrome.swift in Sources */ = {isa = PBXBuildFile; fileRef = 8861441E26473000002610FE /* is_palindrome.swift */; };
		8861442B26473000002610FE /* condense_whitespace.swift in Sources */ = {isa = PBXBuildFile; fileRef = 8861441F26473000002610FE /* condense_whitespace.swift */; };
		8861442C26473000002610FE /* find_longest_prefix.swift in Sources */ = {isa = PBXBuildFile; fileRef = 8861442026473000002610FE /* find_longest_prefix.swift */; };
		8861442D26473000002610FE /* string_is_rotated.swift in Sources */ = {isa = PBXBuildFile; fileRef = 8861442126473000002610FE /* string_is_rotated.swift */; };
		8861442E26473000002610FE /* count_characters.swift in Sources */ = {isa = PBXBuildFile; fileRef = 8861442226473000002610FE /* count_characters.swift */; };
		8861442F26473000002610FE /* string_contains.swift in Sources */ = {isa = PBXBuildFile; fileRef = 8861442326473000002610FE /* string_contains.swift */; };
		8861443026473000002610FE /* find_panagrams.swift in Sources */ = {isa = PBXBuildFile; fileRef = 8861442426473000002610FE /* find_panagrams.swift */; };
		8861443126473000002610FE /* remove_duplicate_letter.swift in Sources */ = {isa = PBXBuildFile; fileRef = 8861442526473000002610FE /* remove_duplicate_letter.swift */; };
		8861443226473000002610FE /* three_different_letters.swift in Sources */ = {isa = PBXBuildFile; fileRef = 8861442626473000002610FE /* three_different_letters.swift */; };
		8861443326473000002610FE /* unique_letters.swift in Sources */ = {isa = PBXBuildFile; fileRef = 8861442726473000002610FE /* unique_letters.swift */; };
		8861443426473000002610FE /* vowels_and_constants.swift in Sources */ = {isa = PBXBuildFile; fileRef = 8861442826473000002610FE /* vowels_and_constants.swift */; };
		8861443526473000002610FE /* contains_same_characters.swift in Sources */ = {isa = PBXBuildFile; fileRef = 8861442926473000002610FE /* contains_same_characters.swift */; };
		8862B4C02649FCA700706A06 /* run_length_encoding.swift in Sources */ = {isa = PBXBuildFile; fileRef = 8862B4BF2649FCA700706A06 /* run_length_encoding.swift */; };
		8862B4C22649FEB900706A06 /* string_permuatations.swift in Sources */ = {isa = PBXBuildFile; fileRef = 8862B4C12649FEB900706A06 /* string_permuatations.swift */; };
		8862B4C4264A017E00706A06 /* reverse_the_words.swift in Sources */ = {isa = PBXBuildFile; fileRef = 8862B4C3264A017E00706A06 /* reverse_the_words.swift */; };
		8862B4C7264A037300706A06 /* fizz_buzz.swift in Sources */ = {isa = PBXBuildFile; fileRef = 8862B4C6264A037300706A06 /* fizz_buzz.swift */; };
		886F0802264EFD740039EE0C /* print_last_lines.swift in Sources */ = {isa = PBXBuildFile; fileRef = 886F0801264EFD740039EE0C /* print_last_lines.swift */; };
		886F0804264EFF220039EE0C /* log_a_message.swift in Sources */ = {isa = PBXBuildFile; fileRef = 886F0803264EFF220039EE0C /* log_a_message.swift */; };
		886F0806264F021D0039EE0C /* documents_dir.swift in Sources */ = {isa = PBXBuildFile; fileRef = 886F0805264F021D0039EE0C /* documents_dir.swift */; };
		886F0808264F05130039EE0C /* new_jpegs.swift in Sources */ = {isa = PBXBuildFile; fileRef = 886F0807264F05130039EE0C /* new_jpegs.swift */; };
		886F080A264F10BB0039EE0C /* copy_recursively.swift in Sources */ = {isa = PBXBuildFile; fileRef = 886F0809264F10BB0039EE0C /* copy_recursively.swift */; };
		88755A56268520C700266223 /* max_palin_number.swift in Sources */ = {isa = PBXBuildFile; fileRef = 88755A55268520C700266223 /* max_palin_number.swift */; };
		887FCE2A266D0808004F23B9 /* insertion_sort.swift in Sources */ = {isa = PBXBuildFile; fileRef = 887FCE29266D0808004F23B9 /* insertion_sort.swift */; };
		888AFDBC2662C517000F84FB /* minimum_xor_sum_two_array.swift in Sources */ = {isa = PBXBuildFile; fileRef = 888AFDBB2662C517000F84FB /* minimum_xor_sum_two_array.swift */; };
		888AFDBE2662CB58000F84FB /* counter_class.swift in Sources */ = {isa = PBXBuildFile; fileRef = 888AFDBD2662CB58000F84FB /* counter_class.swift */; };
		888AFDC22662D54D000F84FB /* random_2d_point.swift in Sources */ = {isa = PBXBuildFile; fileRef = 888AFDC12662D54D000F84FB /* random_2d_point.swift */; };
		888AFDC82662E648000F84FB /* fibonacci_dp.swift in Sources */ = {isa = PBXBuildFile; fileRef = 888AFDC72662E648000F84FB /* fibonacci_dp.swift */; };
		888AFDCA2662E65C000F84FB /* remove_duplicates_in_binary_search.swift in Sources */ = {isa = PBXBuildFile; fileRef = 888AFDC92662E65C000F84FB /* remove_duplicates_in_binary_search.swift */; };
		888AFDCC2662EAA2000F84FB /* roman_to_int.swift in Sources */ = {isa = PBXBuildFile; fileRef = 888AFDCB2662EAA2000F84FB /* roman_to_int.swift */; };
		888D0FF9264AFEDA00312073 /* generate_a_random_number.swift in Sources */ = {isa = PBXBuildFile; fileRef = 888D0FF8264AFEDA00312073 /* generate_a_random_number.swift */; };
		888D0FFB264B005E00312073 /* recreate_the_pow_func.swift in Sources */ = {isa = PBXBuildFile; fileRef = 888D0FFA264B005E00312073 /* recreate_the_pow_func.swift */; };
		888D0FFD264B032F00312073 /* swap_two_number.swift in Sources */ = {isa = PBXBuildFile; fileRef = 888D0FFC264B032F00312073 /* swap_two_number.swift */; };
		888D0FFF264B069900312073 /* number_is_prime.swift in Sources */ = {isa = PBXBuildFile; fileRef = 888D0FFE264B069900312073 /* number_is_prime.swift */; };
		888D1001264B0C4F00312073 /* counting_binary_ones.swift in Sources */ = {isa = PBXBuildFile; fileRef = 888D1000264B0C4F00312073 /* counting_binary_ones.swift */; };
		88912A1F25EE3789005D6323 /* set_mismatch.swift in Sources */ = {isa = PBXBuildFile; fileRef = 88912A1E25EE3789005D6323 /* set_mismatch.swift */; };
		88912A2225EE3B63005D6323 /* longest_common_prefix.swift in Sources */ = {isa = PBXBuildFile; fileRef = 88912A2125EE3B63005D6323 /* longest_common_prefix.swift */; };
		88912A2525EE4321005D6323 /* count_and_say.swift in Sources */ = {isa = PBXBuildFile; fileRef = 88912A2425EE4321005D6323 /* count_and_say.swift */; };
		88912A2A25EE6624005D6323 /* delete_node_in_list.swift in Sources */ = {isa = PBXBuildFile; fileRef = 88912A2925EE6624005D6323 /* delete_node_in_list.swift */; };
		889F4CEE25EBC4DC00B8010A /* reverse_string.swift in Sources */ = {isa = PBXBuildFile; fileRef = 889F4CED25EBC4DC00B8010A /* reverse_string.swift */; };
		889F4CF225EBC4FB00B8010A /* reverse_integer.swift in Sources */ = {isa = PBXBuildFile; fileRef = 889F4CF125EBC4FB00B8010A /* reverse_integer.swift */; };
		889F4CF525EBC51100B8010A /* first_unique_character_in_string.swift in Sources */ = {isa = PBXBuildFile; fileRef = 889F4CF425EBC51100B8010A /* first_unique_character_in_string.swift */; };
		889F4CF925EBC6F400B8010A /* valid_palindrome.swift in Sources */ = {isa = PBXBuildFile; fileRef = 889F4CF825EBC6F400B8010A /* valid_palindrome.swift */; };
		889F4CFC25EBC71F00B8010A /* valid_anagram.swift in Sources */ = {isa = PBXBuildFile; fileRef = 889F4CFB25EBC71F00B8010A /* valid_anagram.swift */; };
		889F4CFF25EBEA6C00B8010A /* string_to_integer_atoi.swift in Sources */ = {isa = PBXBuildFile; fileRef = 889F4CFE25EBEA6C00B8010A /* string_to_integer_atoi.swift */; };
		889F4D0225EBEF0B00B8010A /* implement_strStr.swift in Sources */ = {isa = PBXBuildFile; fileRef = 889F4D0125EBEF0B00B8010A /* implement_strStr.swift */; };
		889F4D0625EC2B5200B8010A /* merge_sorted_array.swift in Sources */ = {isa = PBXBuildFile; fileRef = 889F4D0525EC2B5200B8010A /* merge_sorted_array.swift */; };
		88A299B2266D5ED900D9070F /* isomorphic_values.swift in Sources */ = {isa = PBXBuildFile; fileRef = 88A299B1266D5ED900D9070F /* isomorphic_values.swift */; };
		88B18D1225EEB7C9002A5A8A /* set_matrix_zeroes.swift in Sources */ = {isa = PBXBuildFile; fileRef = 88B18D1125EEB7C9002A5A8A /* set_matrix_zeroes.swift */; };
		88B18D1525EEBFC4002A5A8A /* group_anagrams.swift in Sources */ = {isa = PBXBuildFile; fileRef = 88B18D1425EEBFC4002A5A8A /* group_anagrams.swift */; };
		88BDDD6D26624FC700E5055C /* String+Subscript+Extension.swift in Sources */ = {isa = PBXBuildFile; fileRef = 88BDDD6C26624FC700E5055C /* String+Subscript+Extension.swift */; };
		88BDDD6F266250B900E5055C /* regular_expression_matching.swift in Sources */ = {isa = PBXBuildFile; fileRef = 88BDDD6E266250B900E5055C /* regular_expression_matching.swift */; };
		88C7732325F2A78F0042A3C3 /* increasing_triplet_sequence.swift in Sources */ = {isa = PBXBuildFile; fileRef = 88C7732225F2A78F0042A3C3 /* increasing_triplet_sequence.swift */; };
		88C7732825F2B0680042A3C3 /* add_two_numbers.swift in Sources */ = {isa = PBXBuildFile; fileRef = 88C7732725F2B0680042A3C3 /* add_two_numbers.swift */; };
		88E2E4522687B91A00DD189D /* StackLinkedList.swift in Sources */ = {isa = PBXBuildFile; fileRef = 88E2E4512687B91A00DD189D /* StackLinkedList.swift */; };
		88F43300265098BC00BD6883 /* chunk_array.swift in Sources */ = {isa = PBXBuildFile; fileRef = 88F432FF265098BC00BD6883 /* chunk_array.swift */; };
		88F4330C2650A36C00BD6883 /* word_frequency.swift in Sources */ = {isa = PBXBuildFile; fileRef = 88F4330B2650A36C00BD6883 /* word_frequency.swift */; };
		88F4330E2650A89200BD6883 /* find_duplicate_filenames.swift in Sources */ = {isa = PBXBuildFile; fileRef = 88F4330D2650A89200BD6883 /* find_duplicate_filenames.swift */; };
		88F433102650AE1500BD6883 /* find_executables.swift in Sources */ = {isa = PBXBuildFile; fileRef = 88F4330F2650AE1500BD6883 /* find_executables.swift */; };
		88F433132650B07900BD6883 /* convert_images.swift in Sources */ = {isa = PBXBuildFile; fileRef = 88F433122650B07900BD6883 /* convert_images.swift */; };
		88F433152650B76000BD6883 /* print_error_lines.swift in Sources */ = {isa = PBXBuildFile; fileRef = 88F433142650B76000BD6883 /* print_error_lines.swift */; };
		88F433182651481F00BD6883 /* count_the_numbers.swift in Sources */ = {isa = PBXBuildFile; fileRef = 88F433172651481F00BD6883 /* count_the_numbers.swift */; };
		88F4331A265149CE00BD6883 /* find_N_smallest.swift in Sources */ = {isa = PBXBuildFile; fileRef = 88F43319265149CE00BD6883 /* find_N_smallest.swift */; };
		88F4331C26514E1100BD6883 /* sorting_a_string_by_array_length.swift in Sources */ = {isa = PBXBuildFile; fileRef = 88F4331B26514E1100BD6883 /* sorting_a_string_by_array_length.swift */; };
		88F4331E2651500300BD6883 /* missing_numbers_in_array.swift in Sources */ = {isa = PBXBuildFile; fileRef = 88F4331D2651500300BD6883 /* missing_numbers_in_array.swift */; };
		88F48DD1264DB2F30096C538 /* integer_disguised_as_string.swift in Sources */ = {isa = PBXBuildFile; fileRef = 88F48DD0264DB2F30096C538 /* integer_disguised_as_string.swift */; };
		88F48DD3264DB6300096C538 /* add_numbers_inside_string.swift in Sources */ = {isa = PBXBuildFile; fileRef = 88F48DD2264DB6300096C538 /* add_numbers_inside_string.swift */; };
		88F48DD5264DB80C0096C538 /* calculate_square_root_by_hand.swift in Sources */ = {isa = PBXBuildFile; fileRef = 88F48DD4264DB80C0096C538 /* calculate_square_root_by_hand.swift */; };
		88F48DD7264DBD290096C538 /* subtract_without_subtract.swift in Sources */ = {isa = PBXBuildFile; fileRef = 88F48DD6264DBD290096C538 /* subtract_without_subtract.swift */; };
		88F4FDE6266E2BD9000C5A1E /* balanced_brackets.swift in Sources */ = {isa = PBXBuildFile; fileRef = 88F4FDE5266E2BD9000C5A1E /* balanced_brackets.swift */; };
		88F4FDE8266E3083000C5A1E /* quick_sort.swift in Sources */ = {isa = PBXBuildFile; fileRef = 88F4FDE7266E3083000C5A1E /* quick_sort.swift */; };
		88F7668325F1591D0009082A /* longest_palindromic_ substring.swift in Sources */ = {isa = PBXBuildFile; fileRef = 88F7668225F1591D0009082A /* longest_palindromic_ substring.swift */; };
		88F7668625F16B770009082A /* get_intersect_two_linked_list.swift in Sources */ = {isa = PBXBuildFile; fileRef = 88F7668525F16B770009082A /* get_intersect_two_linked_list.swift */; };
		88F7668925F1839E0009082A /* missing_number.swift in Sources */ = {isa = PBXBuildFile; fileRef = 88F7668825F1839E0009082A /* missing_number.swift */; };
		88F7668C25F187540009082A /* remove_nth_node_from_end.swift in Sources */ = {isa = PBXBuildFile; fileRef = 88F7668B25F187540009082A /* remove_nth_node_from_end.swift */; };
/* End PBXBuildFile section */

/* Begin PBXCopyFilesBuildPhase section */
		885419E025EAE1E500481CD9 /* CopyFiles */ = {
			isa = PBXCopyFilesBuildPhase;
			buildActionMask = 2147483647;
			dstPath = /usr/share/man/man1/;
			dstSubfolderSpec = 0;
			files = (
			);
			runOnlyForDeploymentPostprocessing = 1;
		};
/* End PBXCopyFilesBuildPhase section */

/* Begin PBXFileReference section */
		8802AD92264B237A00FC0AE6 /* binary_reverse.swift */ = {isa = PBXFileReference; lastKnownFileType = sourcecode.swift; path = binary_reverse.swift; sourceTree = "<group>"; };
		8814D27F267935F1008C2207 /* queue_stack.swift */ = {isa = PBXFileReference; lastKnownFileType = sourcecode.swift; path = queue_stack.swift; sourceTree = "<group>"; };
		8814D283267942A9008C2207 /* fixed_capacity_stack_string.swift */ = {isa = PBXFileReference; lastKnownFileType = sourcecode.swift; path = fixed_capacity_stack_string.swift; sourceTree = "<group>"; };
		88259FA72661855000AB5E2E /* gcd_euclid_approach.swift */ = {isa = PBXFileReference; lastKnownFileType = sourcecode.swift; path = gcd_euclid_approach.swift; sourceTree = "<group>"; };
		88259FA926618BE600AB5E2E /* binomial_coefficient.swift */ = {isa = PBXFileReference; lastKnownFileType = sourcecode.swift; path = binomial_coefficient.swift; sourceTree = "<group>"; };
		88259FAD2661951600AB5E2E /* prime_among.swift */ = {isa = PBXFileReference; lastKnownFileType = sourcecode.swift; path = prime_among.swift; sourceTree = "<group>"; };
		882A8708266ACFD5004D794D /* combo_sort.swift */ = {isa = PBXFileReference; lastKnownFileType = sourcecode.swift; path = combo_sort.swift; sourceTree = "<group>"; };
		8845031F265BDF000053176B /* sum_the_even_repeats.swift */ = {isa = PBXFileReference; lastKnownFileType = sourcecode.swift; path = sum_the_even_repeats.swift; sourceTree = "<group>"; };
		88450321265BE0650053176B /* count_the_largest_range.swift */ = {isa = PBXFileReference; lastKnownFileType = sourcecode.swift; path = count_the_largest_range.swift; sourceTree = "<group>"; };
		88450323265BE5C50053176B /* reverse_linked_list.swift */ = {isa = PBXFileReference; lastKnownFileType = sourcecode.swift; path = reverse_linked_list.swift; sourceTree = "<group>"; };
		8846729B266931EA00CC219A /* sum_array_of_numbers.swift */ = {isa = PBXFileReference; lastKnownFileType = sourcecode.swift; path = sum_array_of_numbers.swift; sourceTree = "<group>"; };
		8846F17B26A3097A00D8D0F7 /* power_of_two.swift */ = {isa = PBXFileReference; lastKnownFileType = sourcecode.swift; path = power_of_two.swift; sourceTree = "<group>"; };
		8847A668260BDA7700DEE38C /* leetcode-interview-swift */ = {isa = PBXFileReference; explicitFileType = "compiled.mach-o.executable"; includeInIndex = 0; path = "leetcode-interview-swift"; sourceTree = BUILT_PRODUCTS_DIR; };
		884A624E26566348004FD7E1 /* linked_lists.swift */ = {isa = PBXFileReference; lastKnownFileType = sourcecode.swift; path = linked_lists.swift; sourceTree = "<group>"; };
		884A625026566630004FD7E1 /* linkedlist_mid_point.swift */ = {isa = PBXFileReference; lastKnownFileType = sourcecode.swift; path = linkedlist_mid_point.swift; sourceTree = "<group>"; };
		884AFC8A2651A67F00ED74B6 /* find_the_median.swift */ = {isa = PBXFileReference; lastKnownFileType = sourcecode.swift; path = find_the_median.swift; sourceTree = "<group>"; };
		884AFC8C2651A85300ED74B6 /* recreate_index_of.swift */ = {isa = PBXFileReference; lastKnownFileType = sourcecode.swift; path = recreate_index_of.swift; sourceTree = "<group>"; };
		884B4B7E25ED901A00DBED1C /* distribute_candies.swift */ = {isa = PBXFileReference; lastKnownFileType = sourcecode.swift; path = distribute_candies.swift; sourceTree = "<group>"; };
		885419E525EAE1E500481CD9 /* main.swift */ = {isa = PBXFileReference; lastKnownFileType = sourcecode.swift; path = main.swift; sourceTree = "<group>"; };
		885419EF25EAE23800481CD9 /* remove_duplicates.swift */ = {isa = PBXFileReference; lastKnownFileType = sourcecode.swift; path = remove_duplicates.swift; sourceTree = "<group>"; };
		885419F525EAE44500481CD9 /* Helper.swift */ = {isa = PBXFileReference; lastKnownFileType = sourcecode.swift; path = Helper.swift; sourceTree = "<group>"; };
		885419F825EAE47400481CD9 /* best_time_to_buy_and_sell_stock2.swift */ = {isa = PBXFileReference; lastKnownFileType = sourcecode.swift; path = best_time_to_buy_and_sell_stock2.swift; sourceTree = "<group>"; };
		885419FB25EAE4F700481CD9 /* rotate_array.swift */ = {isa = PBXFileReference; lastKnownFileType = sourcecode.swift; path = rotate_array.swift; sourceTree = "<group>"; };
		885419FE25EAE5E200481CD9 /* contains_duplicate.swift */ = {isa = PBXFileReference; lastKnownFileType = sourcecode.swift; path = contains_duplicate.swift; sourceTree = "<group>"; };
		88541A0125EAE65C00481CD9 /* single_number.swift */ = {isa = PBXFileReference; lastKnownFileType = sourcecode.swift; path = single_number.swift; sourceTree = "<group>"; };
		88541A0425EAE6C400481CD9 /* intersect_of_two_arrays2.swift */ = {isa = PBXFileReference; lastKnownFileType = sourcecode.swift; path = intersect_of_two_arrays2.swift; sourceTree = "<group>"; };
		88541A0725EAE6EA00481CD9 /* plus_one.swift */ = {isa = PBXFileReference; lastKnownFileType = sourcecode.swift; path = plus_one.swift; sourceTree = "<group>"; };
		88541A0A25EAE6FD00481CD9 /* move_zeroes.swift */ = {isa = PBXFileReference; lastKnownFileType = sourcecode.swift; path = move_zeroes.swift; sourceTree = "<group>"; };
		88541A0D25EAE71900481CD9 /* two_sum.swift */ = {isa = PBXFileReference; lastKnownFileType = sourcecode.swift; path = two_sum.swift; sourceTree = "<group>"; };
		88541A1025EAE77600481CD9 /* rotate_image.swift */ = {isa = PBXFileReference; lastKnownFileType = sourcecode.swift; path = rotate_image.swift; sourceTree = "<group>"; };
		8854F774265F09DD0092C78A /* histogram.swift */ = {isa = PBXFileReference; lastKnownFileType = sourcecode.swift; path = histogram.swift; sourceTree = "<group>"; };
		8855DA7226702E8D005F77E6 /* arrayChallenge.swift */ = {isa = PBXFileReference; lastKnownFileType = sourcecode.swift; path = arrayChallenge.swift; sourceTree = "<group>"; };
		885722962677A40900E3433E /* DateModel.swift */ = {isa = PBXFileReference; lastKnownFileType = sourcecode.swift; path = DateModel.swift; sourceTree = "<group>"; };
		8857229B2677E60200E3433E /* accumulator.swift */ = {isa = PBXFileReference; lastKnownFileType = sourcecode.swift; path = accumulator.swift; sourceTree = "<group>"; };
		885846262660F9C9004D3940 /* zigzag_conversion.swift */ = {isa = PBXFileReference; lastKnownFileType = sourcecode.swift; path = zigzag_conversion.swift; sourceTree = "<group>"; };
		885846282660FB16004D3940 /* palindrome_number.swift */ = {isa = PBXFileReference; lastKnownFileType = sourcecode.swift; path = palindrome_number.swift; sourceTree = "<group>"; };
		8859B75425F26ED600FE48A9 /* average_of_levels_in_binarytree.swift */ = {isa = PBXFileReference; lastKnownFileType = sourcecode.swift; path = average_of_levels_in_binarytree.swift; sourceTree = "<group>"; };
		8859B75825F2742D00FE48A9 /* longest_substr_without_repeating_characters.swift */ = {isa = PBXFileReference; lastKnownFileType = sourcecode.swift; path = longest_substr_without_repeating_characters.swift; sourceTree = "<group>"; };
		885AE618265ED69E004FC4B3 /* sqrt_alg_with_newton_method.swift */ = {isa = PBXFileReference; lastKnownFileType = sourcecode.swift; path = sqrt_alg_with_newton_method.swift; sourceTree = "<group>"; };
		885AE61A265EDC29004FC4B3 /* binary_search_algorithm.swift */ = {isa = PBXFileReference; lastKnownFileType = sourcecode.swift; path = binary_search_algorithm.swift; sourceTree = "<group>"; };
		885AE61D265EE2EB004FC4B3 /* StandartRandom.swift */ = {isa = PBXFileReference; lastKnownFileType = sourcecode.swift; path = StandartRandom.swift; sourceTree = "<group>"; };
		885BC9EC266A1EAF002C5BF2 /* binary_search_trees.swift */ = {isa = PBXFileReference; lastKnownFileType = sourcecode.swift; path = binary_search_trees.swift; sourceTree = "<group>"; };
		885BC9EF266A2CF7002C5BF2 /* bubble_sort.swift */ = {isa = PBXFileReference; lastKnownFileType = sourcecode.swift; path = bubble_sort.swift; sourceTree = "<group>"; };
		885F9D4E265AFF4F00D3FFC3 /* traversing_the_tree.swift */ = {isa = PBXFileReference; lastKnownFileType = sourcecode.swift; path = traversing_the_tree.swift; sourceTree = "<group>"; };
		885F9D50265AFF8E00D3FFC3 /* recreate_map.swift */ = {isa = PBXFileReference; lastKnownFileType = sourcecode.swift; path = recreate_map.swift; sourceTree = "<group>"; };
		885F9D52265B05C700D3FFC3 /* recreate_min.swift */ = {isa = PBXFileReference; lastKnownFileType = sourcecode.swift; path = recreate_min.swift; sourceTree = "<group>"; };
		885F9D54265B08F400D3FFC3 /* implement_deque.swift */ = {isa = PBXFileReference; lastKnownFileType = sourcecode.swift; path = implement_deque.swift; sourceTree = "<group>"; };
		8861441E26473000002610FE /* is_palindrome.swift */ = {isa = PBXFileReference; fileEncoding = 4; lastKnownFileType = sourcecode.swift; path = is_palindrome.swift; sourceTree = "<group>"; };
		8861441F26473000002610FE /* condense_whitespace.swift */ = {isa = PBXFileReference; fileEncoding = 4; lastKnownFileType = sourcecode.swift; path = condense_whitespace.swift; sourceTree = "<group>"; };
		8861442026473000002610FE /* find_longest_prefix.swift */ = {isa = PBXFileReference; fileEncoding = 4; lastKnownFileType = sourcecode.swift; path = find_longest_prefix.swift; sourceTree = "<group>"; };
		8861442126473000002610FE /* string_is_rotated.swift */ = {isa = PBXFileReference; fileEncoding = 4; lastKnownFileType = sourcecode.swift; path = string_is_rotated.swift; sourceTree = "<group>"; };
		8861442226473000002610FE /* count_characters.swift */ = {isa = PBXFileReference; fileEncoding = 4; lastKnownFileType = sourcecode.swift; path = count_characters.swift; sourceTree = "<group>"; };
		8861442326473000002610FE /* string_contains.swift */ = {isa = PBXFileReference; fileEncoding = 4; lastKnownFileType = sourcecode.swift; path = string_contains.swift; sourceTree = "<group>"; };
		8861442426473000002610FE /* find_panagrams.swift */ = {isa = PBXFileReference; fileEncoding = 4; lastKnownFileType = sourcecode.swift; path = find_panagrams.swift; sourceTree = "<group>"; };
		8861442526473000002610FE /* remove_duplicate_letter.swift */ = {isa = PBXFileReference; fileEncoding = 4; lastKnownFileType = sourcecode.swift; path = remove_duplicate_letter.swift; sourceTree = "<group>"; };
		8861442626473000002610FE /* three_different_letters.swift */ = {isa = PBXFileReference; fileEncoding = 4; lastKnownFileType = sourcecode.swift; path = three_different_letters.swift; sourceTree = "<group>"; };
		8861442726473000002610FE /* unique_letters.swift */ = {isa = PBXFileReference; fileEncoding = 4; lastKnownFileType = sourcecode.swift; path = unique_letters.swift; sourceTree = "<group>"; };
		8861442826473000002610FE /* vowels_and_constants.swift */ = {isa = PBXFileReference; fileEncoding = 4; lastKnownFileType = sourcecode.swift; path = vowels_and_constants.swift; sourceTree = "<group>"; };
		8861442926473000002610FE /* contains_same_characters.swift */ = {isa = PBXFileReference; fileEncoding = 4; lastKnownFileType = sourcecode.swift; path = contains_same_characters.swift; sourceTree = "<group>"; };
		8862B4BF2649FCA700706A06 /* run_length_encoding.swift */ = {isa = PBXFileReference; lastKnownFileType = sourcecode.swift; path = run_length_encoding.swift; sourceTree = "<group>"; };
		8862B4C12649FEB900706A06 /* string_permuatations.swift */ = {isa = PBXFileReference; lastKnownFileType = sourcecode.swift; path = string_permuatations.swift; sourceTree = "<group>"; };
		8862B4C3264A017E00706A06 /* reverse_the_words.swift */ = {isa = PBXFileReference; lastKnownFileType = sourcecode.swift; path = reverse_the_words.swift; sourceTree = "<group>"; };
		8862B4C6264A037300706A06 /* fizz_buzz.swift */ = {isa = PBXFileReference; lastKnownFileType = sourcecode.swift; path = fizz_buzz.swift; sourceTree = "<group>"; };
		886F0801264EFD740039EE0C /* print_last_lines.swift */ = {isa = PBXFileReference; lastKnownFileType = sourcecode.swift; path = print_last_lines.swift; sourceTree = "<group>"; };
		886F0803264EFF220039EE0C /* log_a_message.swift */ = {isa = PBXFileReference; lastKnownFileType = sourcecode.swift; path = log_a_message.swift; sourceTree = "<group>"; };
		886F0805264F021D0039EE0C /* documents_dir.swift */ = {isa = PBXFileReference; lastKnownFileType = sourcecode.swift; path = documents_dir.swift; sourceTree = "<group>"; };
		886F0807264F05130039EE0C /* new_jpegs.swift */ = {isa = PBXFileReference; lastKnownFileType = sourcecode.swift; path = new_jpegs.swift; sourceTree = "<group>"; };
		886F0809264F10BB0039EE0C /* copy_recursively.swift */ = {isa = PBXFileReference; lastKnownFileType = sourcecode.swift; path = copy_recursively.swift; sourceTree = "<group>"; };
		88755A55268520C700266223 /* max_palin_number.swift */ = {isa = PBXFileReference; lastKnownFileType = sourcecode.swift; path = max_palin_number.swift; sourceTree = "<group>"; };
		887FCE29266D0808004F23B9 /* insertion_sort.swift */ = {isa = PBXFileReference; lastKnownFileType = sourcecode.swift; path = insertion_sort.swift; sourceTree = "<group>"; };
		888AFDBB2662C517000F84FB /* minimum_xor_sum_two_array.swift */ = {isa = PBXFileReference; lastKnownFileType = sourcecode.swift; path = minimum_xor_sum_two_array.swift; sourceTree = "<group>"; };
		888AFDBD2662CB58000F84FB /* counter_class.swift */ = {isa = PBXFileReference; lastKnownFileType = sourcecode.swift; path = counter_class.swift; sourceTree = "<group>"; };
		888AFDC12662D54D000F84FB /* random_2d_point.swift */ = {isa = PBXFileReference; lastKnownFileType = sourcecode.swift; path = random_2d_point.swift; sourceTree = "<group>"; };
		888AFDC72662E648000F84FB /* fibonacci_dp.swift */ = {isa = PBXFileReference; fileEncoding = 4; lastKnownFileType = sourcecode.swift; path = fibonacci_dp.swift; sourceTree = "<group>"; };
		888AFDC92662E65C000F84FB /* remove_duplicates_in_binary_search.swift */ = {isa = PBXFileReference; fileEncoding = 4; lastKnownFileType = sourcecode.swift; path = remove_duplicates_in_binary_search.swift; sourceTree = "<group>"; };
		888AFDCB2662EAA2000F84FB /* roman_to_int.swift */ = {isa = PBXFileReference; lastKnownFileType = sourcecode.swift; path = roman_to_int.swift; sourceTree = "<group>"; };
		888D0FF8264AFEDA00312073 /* generate_a_random_number.swift */ = {isa = PBXFileReference; lastKnownFileType = sourcecode.swift; path = generate_a_random_number.swift; sourceTree = "<group>"; };
		888D0FFA264B005E00312073 /* recreate_the_pow_func.swift */ = {isa = PBXFileReference; lastKnownFileType = sourcecode.swift; path = recreate_the_pow_func.swift; sourceTree = "<group>"; };
		888D0FFC264B032F00312073 /* swap_two_number.swift */ = {isa = PBXFileReference; lastKnownFileType = sourcecode.swift; path = swap_two_number.swift; sourceTree = "<group>"; };
		888D0FFE264B069900312073 /* number_is_prime.swift */ = {isa = PBXFileReference; lastKnownFileType = sourcecode.swift; path = number_is_prime.swift; sourceTree = "<group>"; };
		888D1000264B0C4F00312073 /* counting_binary_ones.swift */ = {isa = PBXFileReference; lastKnownFileType = sourcecode.swift; path = counting_binary_ones.swift; sourceTree = "<group>"; };
		88912A1E25EE3789005D6323 /* set_mismatch.swift */ = {isa = PBXFileReference; lastKnownFileType = sourcecode.swift; path = set_mismatch.swift; sourceTree = "<group>"; };
		88912A2125EE3B63005D6323 /* longest_common_prefix.swift */ = {isa = PBXFileReference; lastKnownFileType = sourcecode.swift; path = longest_common_prefix.swift; sourceTree = "<group>"; };
		88912A2425EE4321005D6323 /* count_and_say.swift */ = {isa = PBXFileReference; lastKnownFileType = sourcecode.swift; path = count_and_say.swift; sourceTree = "<group>"; };
		88912A2925EE6624005D6323 /* delete_node_in_list.swift */ = {isa = PBXFileReference; lastKnownFileType = sourcecode.swift; path = delete_node_in_list.swift; sourceTree = "<group>"; };
		889F4CED25EBC4DC00B8010A /* reverse_string.swift */ = {isa = PBXFileReference; lastKnownFileType = sourcecode.swift; path = reverse_string.swift; sourceTree = "<group>"; };
		889F4CF125EBC4FB00B8010A /* reverse_integer.swift */ = {isa = PBXFileReference; lastKnownFileType = sourcecode.swift; path = reverse_integer.swift; sourceTree = "<group>"; };
		889F4CF425EBC51100B8010A /* first_unique_character_in_string.swift */ = {isa = PBXFileReference; lastKnownFileType = sourcecode.swift; path = first_unique_character_in_string.swift; sourceTree = "<group>"; };
		889F4CF825EBC6F400B8010A /* valid_palindrome.swift */ = {isa = PBXFileReference; lastKnownFileType = sourcecode.swift; path = valid_palindrome.swift; sourceTree = "<group>"; };
		889F4CFB25EBC71F00B8010A /* valid_anagram.swift */ = {isa = PBXFileReference; lastKnownFileType = sourcecode.swift; path = valid_anagram.swift; sourceTree = "<group>"; };
		889F4CFE25EBEA6C00B8010A /* string_to_integer_atoi.swift */ = {isa = PBXFileReference; lastKnownFileType = sourcecode.swift; path = string_to_integer_atoi.swift; sourceTree = "<group>"; };
		889F4D0125EBEF0B00B8010A /* implement_strStr.swift */ = {isa = PBXFileReference; lastKnownFileType = sourcecode.swift; path = implement_strStr.swift; sourceTree = "<group>"; };
		889F4D0525EC2B5200B8010A /* merge_sorted_array.swift */ = {isa = PBXFileReference; lastKnownFileType = sourcecode.swift; path = merge_sorted_array.swift; sourceTree = "<group>"; };
		88A299B1266D5ED900D9070F /* isomorphic_values.swift */ = {isa = PBXFileReference; lastKnownFileType = sourcecode.swift; path = isomorphic_values.swift; sourceTree = "<group>"; };
		88B18D1125EEB7C9002A5A8A /* set_matrix_zeroes.swift */ = {isa = PBXFileReference; lastKnownFileType = sourcecode.swift; path = set_matrix_zeroes.swift; sourceTree = "<group>"; };
		88B18D1425EEBFC4002A5A8A /* group_anagrams.swift */ = {isa = PBXFileReference; lastKnownFileType = sourcecode.swift; path = group_anagrams.swift; sourceTree = "<group>"; };
		88BDDD6C26624FC700E5055C /* String+Subscript+Extension.swift */ = {isa = PBXFileReference; lastKnownFileType = sourcecode.swift; path = "String+Subscript+Extension.swift"; sourceTree = "<group>"; };
		88BDDD6E266250B900E5055C /* regular_expression_matching.swift */ = {isa = PBXFileReference; lastKnownFileType = sourcecode.swift; path = regular_expression_matching.swift; sourceTree = "<group>"; };
		88C7732225F2A78F0042A3C3 /* increasing_triplet_sequence.swift */ = {isa = PBXFileReference; lastKnownFileType = sourcecode.swift; path = increasing_triplet_sequence.swift; sourceTree = "<group>"; };
		88C7732725F2B0680042A3C3 /* add_two_numbers.swift */ = {isa = PBXFileReference; lastKnownFileType = sourcecode.swift; path = add_two_numbers.swift; sourceTree = "<group>"; };
		88E2E4512687B91A00DD189D /* StackLinkedList.swift */ = {isa = PBXFileReference; lastKnownFileType = sourcecode.swift; path = StackLinkedList.swift; sourceTree = "<group>"; };
		88F432FF265098BC00BD6883 /* chunk_array.swift */ = {isa = PBXFileReference; lastKnownFileType = sourcecode.swift; path = chunk_array.swift; sourceTree = "<group>"; };
		88F4330B2650A36C00BD6883 /* word_frequency.swift */ = {isa = PBXFileReference; lastKnownFileType = sourcecode.swift; path = word_frequency.swift; sourceTree = "<group>"; };
		88F4330D2650A89200BD6883 /* find_duplicate_filenames.swift */ = {isa = PBXFileReference; lastKnownFileType = sourcecode.swift; path = find_duplicate_filenames.swift; sourceTree = "<group>"; };
		88F4330F2650AE1500BD6883 /* find_executables.swift */ = {isa = PBXFileReference; lastKnownFileType = sourcecode.swift; path = find_executables.swift; sourceTree = "<group>"; };
		88F433122650B07900BD6883 /* convert_images.swift */ = {isa = PBXFileReference; lastKnownFileType = sourcecode.swift; path = convert_images.swift; sourceTree = "<group>"; };
		88F433142650B76000BD6883 /* print_error_lines.swift */ = {isa = PBXFileReference; lastKnownFileType = sourcecode.swift; path = print_error_lines.swift; sourceTree = "<group>"; };
		88F433172651481F00BD6883 /* count_the_numbers.swift */ = {isa = PBXFileReference; lastKnownFileType = sourcecode.swift; path = count_the_numbers.swift; sourceTree = "<group>"; };
		88F43319265149CE00BD6883 /* find_N_smallest.swift */ = {isa = PBXFileReference; lastKnownFileType = sourcecode.swift; path = find_N_smallest.swift; sourceTree = "<group>"; };
		88F4331B26514E1100BD6883 /* sorting_a_string_by_array_length.swift */ = {isa = PBXFileReference; lastKnownFileType = sourcecode.swift; path = sorting_a_string_by_array_length.swift; sourceTree = "<group>"; };
		88F4331D2651500300BD6883 /* missing_numbers_in_array.swift */ = {isa = PBXFileReference; lastKnownFileType = sourcecode.swift; path = missing_numbers_in_array.swift; sourceTree = "<group>"; };
		88F48DD0264DB2F30096C538 /* integer_disguised_as_string.swift */ = {isa = PBXFileReference; lastKnownFileType = sourcecode.swift; path = integer_disguised_as_string.swift; sourceTree = "<group>"; };
		88F48DD2264DB6300096C538 /* add_numbers_inside_string.swift */ = {isa = PBXFileReference; lastKnownFileType = sourcecode.swift; path = add_numbers_inside_string.swift; sourceTree = "<group>"; };
		88F48DD4264DB80C0096C538 /* calculate_square_root_by_hand.swift */ = {isa = PBXFileReference; lastKnownFileType = sourcecode.swift; path = calculate_square_root_by_hand.swift; sourceTree = "<group>"; };
		88F48DD6264DBD290096C538 /* subtract_without_subtract.swift */ = {isa = PBXFileReference; lastKnownFileType = sourcecode.swift; path = subtract_without_subtract.swift; sourceTree = "<group>"; };
		88F4FDE5266E2BD9000C5A1E /* balanced_brackets.swift */ = {isa = PBXFileReference; lastKnownFileType = sourcecode.swift; path = balanced_brackets.swift; sourceTree = "<group>"; };
		88F4FDE7266E3083000C5A1E /* quick_sort.swift */ = {isa = PBXFileReference; lastKnownFileType = sourcecode.swift; path = quick_sort.swift; sourceTree = "<group>"; };
		88F7668225F1591D0009082A /* longest_palindromic_ substring.swift */ = {isa = PBXFileReference; lastKnownFileType = sourcecode.swift; path = "longest_palindromic_ substring.swift"; sourceTree = "<group>"; };
		88F7668525F16B770009082A /* get_intersect_two_linked_list.swift */ = {isa = PBXFileReference; lastKnownFileType = sourcecode.swift; path = get_intersect_two_linked_list.swift; sourceTree = "<group>"; };
		88F7668825F1839E0009082A /* missing_number.swift */ = {isa = PBXFileReference; lastKnownFileType = sourcecode.swift; path = missing_number.swift; sourceTree = "<group>"; };
		88F7668B25F187540009082A /* remove_nth_node_from_end.swift */ = {isa = PBXFileReference; lastKnownFileType = sourcecode.swift; path = remove_nth_node_from_end.swift; sourceTree = "<group>"; };
/* End PBXFileReference section */

/* Begin PBXFrameworksBuildPhase section */
		885419DF25EAE1E500481CD9 /* Frameworks */ = {
			isa = PBXFrameworksBuildPhase;
			buildActionMask = 2147483647;
			files = (
			);
			runOnlyForDeploymentPostprocessing = 0;
		};
/* End PBXFrameworksBuildPhase section */

/* Begin PBXGroup section */
		8814D27E267935CA008C2207 /* 1.3 */ = {
			isa = PBXGroup;
			children = (
				8814D27F267935F1008C2207 /* queue_stack.swift */,
				8814D283267942A9008C2207 /* fixed_capacity_stack_string.swift */,
				88E2E4512687B91A00DD189D /* StackLinkedList.swift */,
			);
			path = 1.3;
			sourceTree = "<group>";
		};
		884B4B7D25ED8FFE00DBED1C /* MarchChallenge */ = {
			isa = PBXGroup;
			children = (
				884B4B7E25ED901A00DBED1C /* distribute_candies.swift */,
				88912A1E25EE3789005D6323 /* set_mismatch.swift */,
				88F7668525F16B770009082A /* get_intersect_two_linked_list.swift */,
				88F7668825F1839E0009082A /* missing_number.swift */,
				8859B75425F26ED600FE48A9 /* average_of_levels_in_binarytree.swift */,
			);
			path = MarchChallenge;
			sourceTree = "<group>";
		};
		88519DE826081C740094CF10 /* SwiftChallenges */ = {
			isa = PBXGroup;
			children = (
				885BC9EE266A2C37002C5BF2 /* Algorithms */,
				88F433162650C29C00BD6883 /* Collections */,
				886F0800264EFD600039EE0C /* Files */,
				8862B4C5264A035900706A06 /* Numbers */,
				88519DE926081C830094CF10 /* Strings */,
			);
			path = SwiftChallenges;
			sourceTree = "<group>";
		};
		88519DE926081C830094CF10 /* Strings */ = {
			isa = PBXGroup;
			children = (
				8861442726473000002610FE /* unique_letters.swift */,
				8861441F26473000002610FE /* condense_whitespace.swift */,
				8861442926473000002610FE /* contains_same_characters.swift */,
				8861442226473000002610FE /* count_characters.swift */,
				8861442026473000002610FE /* find_longest_prefix.swift */,
				8861442426473000002610FE /* find_panagrams.swift */,
				8861441E26473000002610FE /* is_palindrome.swift */,
				8861442526473000002610FE /* remove_duplicate_letter.swift */,
				8861442326473000002610FE /* string_contains.swift */,
				8861442126473000002610FE /* string_is_rotated.swift */,
				8861442626473000002610FE /* three_different_letters.swift */,
				8861442826473000002610FE /* vowels_and_constants.swift */,
				8862B4BF2649FCA700706A06 /* run_length_encoding.swift */,
				8862B4C12649FEB900706A06 /* string_permuatations.swift */,
				8862B4C3264A017E00706A06 /* reverse_the_words.swift */,
			);
			path = Strings;
			sourceTree = "<group>";
		};
		885419D925EAE1E500481CD9 = {
			isa = PBXGroup;
			children = (
				885419E425EAE1E500481CD9 /* leetcode-interview-swift */,
				8847A668260BDA7700DEE38C /* leetcode-interview-swift */,
			);
			sourceTree = "<group>";
		};
		885419E425EAE1E500481CD9 /* leetcode-interview-swift */ = {
			isa = PBXGroup;
			children = (
				885846252660F9B5004D3940 /* LeetCodeRandom */,
				885AE616265ECE02004FC4B3 /* AlgorithmsBook */,
				88519DE826081C740094CF10 /* SwiftChallenges */,
				88B18D0F25EEB7AA002A5A8A /* Medium */,
				884B4B7D25ED8FFE00DBED1C /* MarchChallenge */,
				885419ED25EAE21600481CD9 /* Easy */,
				885419E525EAE1E500481CD9 /* main.swift */,
				885419F525EAE44500481CD9 /* Helper.swift */,
				88BDDD6C26624FC700E5055C /* String+Subscript+Extension.swift */,
			);
			path = "leetcode-interview-swift";
			sourceTree = "<group>";
		};
		885419ED25EAE21600481CD9 /* Easy */ = {
			isa = PBXGroup;
			children = (
				88912A2825EE660B005D6323 /* LinkedList */,
				889F4D0425EC2B4500B8010A /* Sorting */,
				889F4CEC25EBC4C300B8010A /* Strings */,
				885419EE25EAE21E00481CD9 /* Array */,
			);
			path = Easy;
			sourceTree = "<group>";
		};
		885419EE25EAE21E00481CD9 /* Array */ = {
			isa = PBXGroup;
			children = (
				885419EF25EAE23800481CD9 /* remove_duplicates.swift */,
				885419F825EAE47400481CD9 /* best_time_to_buy_and_sell_stock2.swift */,
				885419FB25EAE4F700481CD9 /* rotate_array.swift */,
				885419FE25EAE5E200481CD9 /* contains_duplicate.swift */,
				88541A0125EAE65C00481CD9 /* single_number.swift */,
				88541A0425EAE6C400481CD9 /* intersect_of_two_arrays2.swift */,
				88541A0725EAE6EA00481CD9 /* plus_one.swift */,
				88541A0A25EAE6FD00481CD9 /* move_zeroes.swift */,
				88541A0D25EAE71900481CD9 /* two_sum.swift */,
				88541A1025EAE77600481CD9 /* rotate_image.swift */,
			);
			path = Array;
			sourceTree = "<group>";
		};
		885846252660F9B5004D3940 /* LeetCodeRandom */ = {
			isa = PBXGroup;
			children = (
				885846262660F9C9004D3940 /* zigzag_conversion.swift */,
				885846282660FB16004D3940 /* palindrome_number.swift */,
				88BDDD6E266250B900E5055C /* regular_expression_matching.swift */,
				888AFDBB2662C517000F84FB /* minimum_xor_sum_two_array.swift */,
				888AFDCB2662EAA2000F84FB /* roman_to_int.swift */,
				8855DA7226702E8D005F77E6 /* arrayChallenge.swift */,
				88755A55268520C700266223 /* max_palin_number.swift */,
				8846F17B26A3097A00D8D0F7 /* power_of_two.swift */,
			);
			path = LeetCodeRandom;
			sourceTree = "<group>";
		};
		885AE616265ECE02004FC4B3 /* AlgorithmsBook */ = {
			isa = PBXGroup;
			children = (
				885AE617265ECE0C004FC4B3 /* Fundamentals */,
			);
			path = AlgorithmsBook;
			sourceTree = "<group>";
		};
		885AE617265ECE0C004FC4B3 /* Fundamentals */ = {
			isa = PBXGroup;
			children = (
				885AE61C265EE2D7004FC4B3 /* API */,
				8814D27E267935CA008C2207 /* 1.3 */,
				888AFDC02662D52B000F84FB /* 1.2 */,
				888AFDBF2662D508000F84FB /* 1.1 */,
			);
			path = Fundamentals;
			sourceTree = "<group>";
		};
		885AE61C265EE2D7004FC4B3 /* API */ = {
			isa = PBXGroup;
			children = (
				885AE61D265EE2EB004FC4B3 /* StandartRandom.swift */,
			);
			path = API;
			sourceTree = "<group>";
		};
		885BC9EE266A2C37002C5BF2 /* Algorithms */ = {
			isa = PBXGroup;
			children = (
				885BC9EF266A2CF7002C5BF2 /* bubble_sort.swift */,
				882A8708266ACFD5004D794D /* combo_sort.swift */,
				887FCE29266D0808004F23B9 /* insertion_sort.swift */,
				88A299B1266D5ED900D9070F /* isomorphic_values.swift */,
				88F4FDE5266E2BD9000C5A1E /* balanced_brackets.swift */,
				88F4FDE7266E3083000C5A1E /* quick_sort.swift */,
			);
			path = Algorithms;
			sourceTree = "<group>";
		};
		8862B4C5264A035900706A06 /* Numbers */ = {
			isa = PBXGroup;
			children = (
				8862B4C6264A037300706A06 /* fizz_buzz.swift */,
				888D0FF8264AFEDA00312073 /* generate_a_random_number.swift */,
				888D0FFA264B005E00312073 /* recreate_the_pow_func.swift */,
				888D0FFC264B032F00312073 /* swap_two_number.swift */,
				888D0FFE264B069900312073 /* number_is_prime.swift */,
				888D1000264B0C4F00312073 /* counting_binary_ones.swift */,
				8802AD92264B237A00FC0AE6 /* binary_reverse.swift */,
				88F48DD0264DB2F30096C538 /* integer_disguised_as_string.swift */,
				88F48DD2264DB6300096C538 /* add_numbers_inside_string.swift */,
				88F48DD4264DB80C0096C538 /* calculate_square_root_by_hand.swift */,
				88F48DD6264DBD290096C538 /* subtract_without_subtract.swift */,
				88F432FF265098BC00BD6883 /* chunk_array.swift */,
			);
			path = Numbers;
			sourceTree = "<group>";
		};
		886F0800264EFD600039EE0C /* Files */ = {
			isa = PBXGroup;
			children = (
				886F0801264EFD740039EE0C /* print_last_lines.swift */,
				886F0803264EFF220039EE0C /* log_a_message.swift */,
				886F0805264F021D0039EE0C /* documents_dir.swift */,
				886F0807264F05130039EE0C /* new_jpegs.swift */,
				886F0809264F10BB0039EE0C /* copy_recursively.swift */,
				88F4330B2650A36C00BD6883 /* word_frequency.swift */,
				88F4330D2650A89200BD6883 /* find_duplicate_filenames.swift */,
				88F4330F2650AE1500BD6883 /* find_executables.swift */,
				88F433122650B07900BD6883 /* convert_images.swift */,
				88F433142650B76000BD6883 /* print_error_lines.swift */,
			);
			path = Files;
			sourceTree = "<group>";
		};
		888AFDBF2662D508000F84FB /* 1.1 */ = {
			isa = PBXGroup;
			children = (
				885AE618265ED69E004FC4B3 /* sqrt_alg_with_newton_method.swift */,
				885AE61A265EDC29004FC4B3 /* binary_search_algorithm.swift */,
				888AFDC72662E648000F84FB /* fibonacci_dp.swift */,
				8854F774265F09DD0092C78A /* histogram.swift */,
				888AFDC92662E65C000F84FB /* remove_duplicates_in_binary_search.swift */,
				88259FA72661855000AB5E2E /* gcd_euclid_approach.swift */,
				88259FA926618BE600AB5E2E /* binomial_coefficient.swift */,
				88259FAD2661951600AB5E2E /* prime_among.swift */,
			);
			path = 1.1;
			sourceTree = "<group>";
		};
		888AFDC02662D52B000F84FB /* 1.2 */ = {
			isa = PBXGroup;
			children = (
				888AFDBD2662CB58000F84FB /* counter_class.swift */,
				888AFDC12662D54D000F84FB /* random_2d_point.swift */,
				885722962677A40900E3433E /* DateModel.swift */,
				8857229B2677E60200E3433E /* accumulator.swift */,
			);
			path = 1.2;
			sourceTree = "<group>";
		};
		88912A2825EE660B005D6323 /* LinkedList */ = {
			isa = PBXGroup;
			children = (
				88912A2925EE6624005D6323 /* delete_node_in_list.swift */,
				88F7668B25F187540009082A /* remove_nth_node_from_end.swift */,
			);
			path = LinkedList;
			sourceTree = "<group>";
		};
		889F4CEC25EBC4C300B8010A /* Strings */ = {
			isa = PBXGroup;
			children = (
				889F4CED25EBC4DC00B8010A /* reverse_string.swift */,
				889F4CF125EBC4FB00B8010A /* reverse_integer.swift */,
				889F4CF425EBC51100B8010A /* first_unique_character_in_string.swift */,
				889F4CF825EBC6F400B8010A /* valid_palindrome.swift */,
				889F4CFB25EBC71F00B8010A /* valid_anagram.swift */,
				889F4CFE25EBEA6C00B8010A /* string_to_integer_atoi.swift */,
				889F4D0125EBEF0B00B8010A /* implement_strStr.swift */,
				88912A2125EE3B63005D6323 /* longest_common_prefix.swift */,
				88912A2425EE4321005D6323 /* count_and_say.swift */,
			);
			path = Strings;
			sourceTree = "<group>";
		};
		889F4D0425EC2B4500B8010A /* Sorting */ = {
			isa = PBXGroup;
			children = (
				889F4D0525EC2B5200B8010A /* merge_sorted_array.swift */,
			);
			path = Sorting;
			sourceTree = "<group>";
		};
		88B18D0F25EEB7AA002A5A8A /* Medium */ = {
			isa = PBXGroup;
			children = (
				88C7732625F2B05C0042A3C3 /* LinkedList */,
				88B18D1025EEB7BC002A5A8A /* Array */,
			);
			path = Medium;
			sourceTree = "<group>";
		};
		88B18D1025EEB7BC002A5A8A /* Array */ = {
			isa = PBXGroup;
			children = (
				88B18D1125EEB7C9002A5A8A /* set_matrix_zeroes.swift */,
				88B18D1425EEBFC4002A5A8A /* group_anagrams.swift */,
				88F7668225F1591D0009082A /* longest_palindromic_ substring.swift */,
				8859B75825F2742D00FE48A9 /* longest_substr_without_repeating_characters.swift */,
				88C7732225F2A78F0042A3C3 /* increasing_triplet_sequence.swift */,
			);
			path = Array;
			sourceTree = "<group>";
		};
		88C7732625F2B05C0042A3C3 /* LinkedList */ = {
			isa = PBXGroup;
			children = (
				88C7732725F2B0680042A3C3 /* add_two_numbers.swift */,
			);
			path = LinkedList;
			sourceTree = "<group>";
		};
		88F433162650C29C00BD6883 /* Collections */ = {
			isa = PBXGroup;
			children = (
				88F433172651481F00BD6883 /* count_the_numbers.swift */,
				88F43319265149CE00BD6883 /* find_N_smallest.swift */,
				88F4331B26514E1100BD6883 /* sorting_a_string_by_array_length.swift */,
				88F4331D2651500300BD6883 /* missing_numbers_in_array.swift */,
				884AFC8A2651A67F00ED74B6 /* find_the_median.swift */,
				884AFC8C2651A85300ED74B6 /* recreate_index_of.swift */,
				884A624E26566348004FD7E1 /* linked_lists.swift */,
				884A625026566630004FD7E1 /* linkedlist_mid_point.swift */,
				885F9D4E265AFF4F00D3FFC3 /* traversing_the_tree.swift */,
				885F9D50265AFF8E00D3FFC3 /* recreate_map.swift */,
				885F9D52265B05C700D3FFC3 /* recreate_min.swift */,
				885F9D54265B08F400D3FFC3 /* implement_deque.swift */,
				8845031F265BDF000053176B /* sum_the_even_repeats.swift */,
				88450321265BE0650053176B /* count_the_largest_range.swift */,
				88450323265BE5C50053176B /* reverse_linked_list.swift */,
				8846729B266931EA00CC219A /* sum_array_of_numbers.swift */,
				885BC9EC266A1EAF002C5BF2 /* binary_search_trees.swift */,
			);
			path = Collections;
			sourceTree = "<group>";
		};
/* End PBXGroup section */

/* Begin PBXNativeTarget section */
		885419E125EAE1E500481CD9 /* leetcode-interview-swift */ = {
			isa = PBXNativeTarget;
			buildConfigurationList = 885419E925EAE1E500481CD9 /* Build configuration list for PBXNativeTarget "leetcode-interview-swift" */;
			buildPhases = (
				883785DA26473EB90066D99F /* ShellScript */,
				885419DE25EAE1E500481CD9 /* Sources */,
				885419DF25EAE1E500481CD9 /* Frameworks */,
				885419E025EAE1E500481CD9 /* CopyFiles */,
			);
			buildRules = (
			);
			dependencies = (
			);
			name = "leetcode-interview-swift";
			productName = "leetcode-interview-swift";
			productReference = 8847A668260BDA7700DEE38C /* leetcode-interview-swift */;
			productType = "com.apple.product-type.tool";
		};
/* End PBXNativeTarget section */

/* Begin PBXProject section */
		885419DA25EAE1E500481CD9 /* Project object */ = {
			isa = PBXProject;
			attributes = {
				LastSwiftUpdateCheck = 1240;
				LastUpgradeCheck = 1240;
				TargetAttributes = {
					885419E125EAE1E500481CD9 = {
						CreatedOnToolsVersion = 12.4;
					};
				};
			};
			buildConfigurationList = 885419DD25EAE1E500481CD9 /* Build configuration list for PBXProject "leetcode-interview-swift" */;
			compatibilityVersion = "Xcode 9.3";
			developmentRegion = en;
			hasScannedForEncodings = 0;
			knownRegions = (
				en,
				Base,
			);
			mainGroup = 885419D925EAE1E500481CD9;
			productRefGroup = 885419D925EAE1E500481CD9;
			projectDirPath = "";
			projectRoot = "";
			targets = (
				885419E125EAE1E500481CD9 /* leetcode-interview-swift */,
			);
		};
/* End PBXProject section */

/* Begin PBXShellScriptBuildPhase section */
		883785DA26473EB90066D99F /* ShellScript */ = {
			isa = PBXShellScriptBuildPhase;
			buildActionMask = 2147483647;
			files = (
			);
			inputFileListPaths = (
			);
			inputPaths = (
			);
			outputFileListPaths = (
			);
			outputPaths = (
			);
			runOnlyForDeploymentPostprocessing = 0;
			shellPath = /bin/sh;
			shellScript = "
";
		};
/* End PBXShellScriptBuildPhase section */

/* Begin PBXSourcesBuildPhase section */
		885419DE25EAE1E500481CD9 /* Sources */ = {
			isa = PBXSourcesBuildPhase;
			buildActionMask = 2147483647;
			files = (
				884A624F26566348004FD7E1 /* linked_lists.swift in Sources */,
				8862B4C02649FCA700706A06 /* run_length_encoding.swift in Sources */,
				889F4D0225EBEF0B00B8010A /* implement_strStr.swift in Sources */,
				8861443026473000002610FE /* find_panagrams.swift in Sources */,
				88F4FDE6266E2BD9000C5A1E /* balanced_brackets.swift in Sources */,
				8861443326473000002610FE /* unique_letters.swift in Sources */,
				88F7668C25F187540009082A /* remove_nth_node_from_end.swift in Sources */,
				8861442F26473000002610FE /* string_contains.swift in Sources */,
				885F9D51265AFF8E00D3FFC3 /* recreate_map.swift in Sources */,
				888AFDBC2662C517000F84FB /* minimum_xor_sum_two_array.swift in Sources */,
				88541A0825EAE6EA00481CD9 /* plus_one.swift in Sources */,
				88450320265BDF000053176B /* sum_the_even_repeats.swift in Sources */,
				8802AD93264B237A00FC0AE6 /* binary_reverse.swift in Sources */,
				88F4330C2650A36C00BD6883 /* word_frequency.swift in Sources */,
				88541A0E25EAE71900481CD9 /* two_sum.swift in Sources */,
				8861443126473000002610FE /* remove_duplicate_letter.swift in Sources */,
				88C7732325F2A78F0042A3C3 /* increasing_triplet_sequence.swift in Sources */,
				885846272660F9C9004D3940 /* zigzag_conversion.swift in Sources */,
				8861442C26473000002610FE /* find_longest_prefix.swift in Sources */,
				8859B75525F26ED600FE48A9 /* average_of_levels_in_binarytree.swift in Sources */,
				888D0FF9264AFEDA00312073 /* generate_a_random_number.swift in Sources */,
				88541A1125EAE77600481CD9 /* rotate_image.swift in Sources */,
				88F7668325F1591D0009082A /* longest_palindromic_ substring.swift in Sources */,
				888AFDCC2662EAA2000F84FB /* roman_to_int.swift in Sources */,
				886F080A264F10BB0039EE0C /* copy_recursively.swift in Sources */,
				88F4330E2650A89200BD6883 /* find_duplicate_filenames.swift in Sources */,
				88F48DD7264DBD290096C538 /* subtract_without_subtract.swift in Sources */,
				88259FA82661855100AB5E2E /* gcd_euclid_approach.swift in Sources */,
				888AFDC22662D54D000F84FB /* random_2d_point.swift in Sources */,
				885419F925EAE47400481CD9 /* best_time_to_buy_and_sell_stock2.swift in Sources */,
				889F4D0625EC2B5200B8010A /* merge_sorted_array.swift in Sources */,
				888AFDC82662E648000F84FB /* fibonacci_dp.swift in Sources */,
				885419E625EAE1E500481CD9 /* main.swift in Sources */,
				889F4CF525EBC51100B8010A /* first_unique_character_in_string.swift in Sources */,
				8861442A26473000002610FE /* is_palindrome.swift in Sources */,
				88912A2225EE3B63005D6323 /* longest_common_prefix.swift in Sources */,
				888D0FFF264B069900312073 /* number_is_prime.swift in Sources */,
				889F4CF225EBC4FB00B8010A /* reverse_integer.swift in Sources */,
				88541A0525EAE6C400481CD9 /* intersect_of_two_arrays2.swift in Sources */,
				8861443226473000002610FE /* three_different_letters.swift in Sources */,
				88541A0B25EAE6FD00481CD9 /* move_zeroes.swift in Sources */,
				8859B75925F2742D00FE48A9 /* longest_substr_without_repeating_characters.swift in Sources */,
				8861442D26473000002610FE /* string_is_rotated.swift in Sources */,
				885BC9F0266A2CF7002C5BF2 /* bubble_sort.swift in Sources */,
				886F0806264F021D0039EE0C /* documents_dir.swift in Sources */,
				88F4331A265149CE00BD6883 /* find_N_smallest.swift in Sources */,
				8857229C2677E60200E3433E /* accumulator.swift in Sources */,
				888AFDCA2662E65C000F84FB /* remove_duplicates_in_binary_search.swift in Sources */,
				882A8709266ACFD5004D794D /* combo_sort.swift in Sources */,
				884AFC8B2651A67F00ED74B6 /* find_the_median.swift in Sources */,
				885AE61E265EE2EB004FC4B3 /* StandartRandom.swift in Sources */,
				888AFDBE2662CB58000F84FB /* counter_class.swift in Sources */,
				88F433152650B76000BD6883 /* print_error_lines.swift in Sources */,
				88F433132650B07900BD6883 /* convert_images.swift in Sources */,
				8861443426473000002610FE /* vowels_and_constants.swift in Sources */,
				8846729C266931EA00CC219A /* sum_array_of_numbers.swift in Sources */,
				885AE619265ED69E004FC4B3 /* sqrt_alg_with_newton_method.swift in Sources */,
				88B18D1525EEBFC4002A5A8A /* group_anagrams.swift in Sources */,
				88F433182651481F00BD6883 /* count_the_numbers.swift in Sources */,
				88450322265BE0650053176B /* count_the_largest_range.swift in Sources */,
				885419F025EAE23800481CD9 /* remove_duplicates.swift in Sources */,
				886F0808264F05130039EE0C /* new_jpegs.swift in Sources */,
				887FCE2A266D0808004F23B9 /* insertion_sort.swift in Sources */,
				88259FAA26618BE600AB5E2E /* binomial_coefficient.swift in Sources */,
				88912A2525EE4321005D6323 /* count_and_say.swift in Sources */,
				88450324265BE5C50053176B /* reverse_linked_list.swift in Sources */,
				88E2E4522687B91A00DD189D /* StackLinkedList.swift in Sources */,
				8862B4C4264A017E00706A06 /* reverse_the_words.swift in Sources */,
				886F0802264EFD740039EE0C /* print_last_lines.swift in Sources */,
				888D0FFD264B032F00312073 /* swap_two_number.swift in Sources */,
				88BDDD6F266250B900E5055C /* regular_expression_matching.swift in Sources */,
				88F4331E2651500300BD6883 /* missing_numbers_in_array.swift in Sources */,
				88F7668625F16B770009082A /* get_intersect_two_linked_list.swift in Sources */,
				88912A1F25EE3789005D6323 /* set_mismatch.swift in Sources */,
				885BC9ED266A1EAF002C5BF2 /* binary_search_trees.swift in Sources */,
				888D1001264B0C4F00312073 /* counting_binary_ones.swift in Sources */,
				8861442E26473000002610FE /* count_characters.swift in Sources */,
				88F43300265098BC00BD6883 /* chunk_array.swift in Sources */,
				885AE61B265EDC29004FC4B3 /* binary_search_algorithm.swift in Sources */,
				8854F775265F09DD0092C78A /* histogram.swift in Sources */,
				8855DA7326702E8D005F77E6 /* arrayChallenge.swift in Sources */,
				88F4331C26514E1100BD6883 /* sorting_a_string_by_array_length.swift in Sources */,
				88912A2A25EE6624005D6323 /* delete_node_in_list.swift in Sources */,
				88C7732825F2B0680042A3C3 /* add_two_numbers.swift in Sources */,
				885846292660FB16004D3940 /* palindrome_number.swift in Sources */,
				8861443526473000002610FE /* contains_same_characters.swift in Sources */,
				884A625126566630004FD7E1 /* linkedlist_mid_point.swift in Sources */,
				8846F17C26A3097A00D8D0F7 /* power_of_two.swift in Sources */,
				886F0804264EFF220039EE0C /* log_a_message.swift in Sources */,
				8862B4C7264A037300706A06 /* fizz_buzz.swift in Sources */,
				88BDDD6D26624FC700E5055C /* String+Subscript+Extension.swift in Sources */,
				88F433102650AE1500BD6883 /* find_executables.swift in Sources */,
				88F48DD1264DB2F30096C538 /* integer_disguised_as_string.swift in Sources */,
				885419F625EAE44500481CD9 /* Helper.swift in Sources */,
				884AFC8D2651A85300ED74B6 /* recreate_index_of.swift in Sources */,
				8862B4C22649FEB900706A06 /* string_permuatations.swift in Sources */,
				889F4CF925EBC6F400B8010A /* valid_palindrome.swift in Sources */,
				88F48DD5264DB80C0096C538 /* calculate_square_root_by_hand.swift in Sources */,
				88F48DD3264DB6300096C538 /* add_numbers_inside_string.swift in Sources */,
				88F7668925F1839E0009082A /* missing_number.swift in Sources */,
				88755A56268520C700266223 /* max_palin_number.swift in Sources */,
				88541A0225EAE65C00481CD9 /* single_number.swift in Sources */,
				889F4CFC25EBC71F00B8010A /* valid_anagram.swift in Sources */,
				884B4B7F25ED901A00DBED1C /* distribute_candies.swift in Sources */,
				885F9D4F265AFF4F00D3FFC3 /* traversing_the_tree.swift in Sources */,
				885722972677A40900E3433E /* DateModel.swift in Sources */,
				8861442B26473000002610FE /* condense_whitespace.swift in Sources */,
				885F9D53265B05C700D3FFC3 /* recreate_min.swift in Sources */,
				888D0FFB264B005E00312073 /* recreate_the_pow_func.swift in Sources */,
				885F9D55265B08F400D3FFC3 /* implement_deque.swift in Sources */,
				88259FAE2661951600AB5E2E /* prime_among.swift in Sources */,
				8814D284267942A9008C2207 /* fixed_capacity_stack_string.swift in Sources */,
				88A299B2266D5ED900D9070F /* isomorphic_values.swift in Sources */,
				88B18D1225EEB7C9002A5A8A /* set_matrix_zeroes.swift in Sources */,
				889F4CEE25EBC4DC00B8010A /* reverse_string.swift in Sources */,
				885419FF25EAE5E200481CD9 /* contains_duplicate.swift in Sources */,
				885419FC25EAE4F700481CD9 /* rotate_array.swift in Sources */,
				889F4CFF25EBEA6C00B8010A /* string_to_integer_atoi.swift in Sources */,
				88F4FDE8266E3083000C5A1E /* quick_sort.swift in Sources */,
				8814D280267935F1008C2207 /* queue_stack.swift in Sources */,
			);
			runOnlyForDeploymentPostprocessing = 0;
		};
/* End PBXSourcesBuildPhase section */

/* Begin XCBuildConfiguration section */
		885419E725EAE1E500481CD9 /* Debug */ = {
			isa = XCBuildConfiguration;
			buildSettings = {
				ALWAYS_SEARCH_USER_PATHS = NO;
				CLANG_ANALYZER_NONNULL = YES;
				CLANG_ANALYZER_NUMBER_OBJECT_CONVERSION = YES_AGGRESSIVE;
				CLANG_CXX_LANGUAGE_STANDARD = "gnu++14";
				CLANG_CXX_LIBRARY = "libc++";
				CLANG_ENABLE_MODULES = YES;
				CLANG_ENABLE_OBJC_ARC = YES;
				CLANG_ENABLE_OBJC_WEAK = YES;
				CLANG_WARN_BLOCK_CAPTURE_AUTORELEASING = YES;
				CLANG_WARN_BOOL_CONVERSION = YES;
				CLANG_WARN_COMMA = YES;
				CLANG_WARN_CONSTANT_CONVERSION = YES;
				CLANG_WARN_DEPRECATED_OBJC_IMPLEMENTATIONS = YES;
				CLANG_WARN_DIRECT_OBJC_ISA_USAGE = YES_ERROR;
				CLANG_WARN_DOCUMENTATION_COMMENTS = YES;
				CLANG_WARN_EMPTY_BODY = YES;
				CLANG_WARN_ENUM_CONVERSION = YES;
				CLANG_WARN_INFINITE_RECURSION = YES;
				CLANG_WARN_INT_CONVERSION = YES;
				CLANG_WARN_NON_LITERAL_NULL_CONVERSION = YES;
				CLANG_WARN_OBJC_IMPLICIT_RETAIN_SELF = YES;
				CLANG_WARN_OBJC_LITERAL_CONVERSION = YES;
				CLANG_WARN_OBJC_ROOT_CLASS = YES_ERROR;
				CLANG_WARN_QUOTED_INCLUDE_IN_FRAMEWORK_HEADER = YES;
				CLANG_WARN_RANGE_LOOP_ANALYSIS = YES;
				CLANG_WARN_STRICT_PROTOTYPES = YES;
				CLANG_WARN_SUSPICIOUS_MOVE = YES;
				CLANG_WARN_UNGUARDED_AVAILABILITY = YES_AGGRESSIVE;
				CLANG_WARN_UNREACHABLE_CODE = YES;
				CLANG_WARN__DUPLICATE_METHOD_MATCH = YES;
				COPY_PHASE_STRIP = NO;
				DEBUG_INFORMATION_FORMAT = dwarf;
				ENABLE_STRICT_OBJC_MSGSEND = YES;
				ENABLE_TESTABILITY = YES;
				GCC_C_LANGUAGE_STANDARD = gnu11;
				GCC_DYNAMIC_NO_PIC = NO;
				GCC_NO_COMMON_BLOCKS = YES;
				GCC_OPTIMIZATION_LEVEL = 0;
				GCC_PREPROCESSOR_DEFINITIONS = (
					"DEBUG=1",
					"$(inherited)",
				);
				GCC_WARN_64_TO_32_BIT_CONVERSION = YES;
				GCC_WARN_ABOUT_RETURN_TYPE = YES_ERROR;
				GCC_WARN_UNDECLARED_SELECTOR = YES;
				GCC_WARN_UNINITIALIZED_AUTOS = YES_AGGRESSIVE;
				GCC_WARN_UNUSED_FUNCTION = YES;
				GCC_WARN_UNUSED_VARIABLE = YES;
				MACOSX_DEPLOYMENT_TARGET = 11.1;
				MTL_ENABLE_DEBUG_INFO = INCLUDE_SOURCE;
				MTL_FAST_MATH = YES;
				ONLY_ACTIVE_ARCH = YES;
				SDKROOT = macosx;
				SWIFT_ACTIVE_COMPILATION_CONDITIONS = DEBUG;
				SWIFT_OPTIMIZATION_LEVEL = "-Onone";
			};
			name = Debug;
		};
		885419E825EAE1E500481CD9 /* Release */ = {
			isa = XCBuildConfiguration;
			buildSettings = {
				ALWAYS_SEARCH_USER_PATHS = NO;
				CLANG_ANALYZER_NONNULL = YES;
				CLANG_ANALYZER_NUMBER_OBJECT_CONVERSION = YES_AGGRESSIVE;
				CLANG_CXX_LANGUAGE_STANDARD = "gnu++14";
				CLANG_CXX_LIBRARY = "libc++";
				CLANG_ENABLE_MODULES = YES;
				CLANG_ENABLE_OBJC_ARC = YES;
				CLANG_ENABLE_OBJC_WEAK = YES;
				CLANG_WARN_BLOCK_CAPTURE_AUTORELEASING = YES;
				CLANG_WARN_BOOL_CONVERSION = YES;
				CLANG_WARN_COMMA = YES;
				CLANG_WARN_CONSTANT_CONVERSION = YES;
				CLANG_WARN_DEPRECATED_OBJC_IMPLEMENTATIONS = YES;
				CLANG_WARN_DIRECT_OBJC_ISA_USAGE = YES_ERROR;
				CLANG_WARN_DOCUMENTATION_COMMENTS = YES;
				CLANG_WARN_EMPTY_BODY = YES;
				CLANG_WARN_ENUM_CONVERSION = YES;
				CLANG_WARN_INFINITE_RECURSION = YES;
				CLANG_WARN_INT_CONVERSION = YES;
				CLANG_WARN_NON_LITERAL_NULL_CONVERSION = YES;
				CLANG_WARN_OBJC_IMPLICIT_RETAIN_SELF = YES;
				CLANG_WARN_OBJC_LITERAL_CONVERSION = YES;
				CLANG_WARN_OBJC_ROOT_CLASS = YES_ERROR;
				CLANG_WARN_QUOTED_INCLUDE_IN_FRAMEWORK_HEADER = YES;
				CLANG_WARN_RANGE_LOOP_ANALYSIS = YES;
				CLANG_WARN_STRICT_PROTOTYPES = YES;
				CLANG_WARN_SUSPICIOUS_MOVE = YES;
				CLANG_WARN_UNGUARDED_AVAILABILITY = YES_AGGRESSIVE;
				CLANG_WARN_UNREACHABLE_CODE = YES;
				CLANG_WARN__DUPLICATE_METHOD_MATCH = YES;
				COPY_PHASE_STRIP = NO;
				DEBUG_INFORMATION_FORMAT = "dwarf-with-dsym";
				ENABLE_NS_ASSERTIONS = NO;
				ENABLE_STRICT_OBJC_MSGSEND = YES;
				GCC_C_LANGUAGE_STANDARD = gnu11;
				GCC_NO_COMMON_BLOCKS = YES;
				GCC_WARN_64_TO_32_BIT_CONVERSION = YES;
				GCC_WARN_ABOUT_RETURN_TYPE = YES_ERROR;
				GCC_WARN_UNDECLARED_SELECTOR = YES;
				GCC_WARN_UNINITIALIZED_AUTOS = YES_AGGRESSIVE;
				GCC_WARN_UNUSED_FUNCTION = YES;
				GCC_WARN_UNUSED_VARIABLE = YES;
				MACOSX_DEPLOYMENT_TARGET = 11.1;
				MTL_ENABLE_DEBUG_INFO = NO;
				MTL_FAST_MATH = YES;
				SDKROOT = macosx;
				SWIFT_COMPILATION_MODE = wholemodule;
				SWIFT_OPTIMIZATION_LEVEL = "-O";
			};
			name = Release;
		};
		885419EA25EAE1E500481CD9 /* Debug */ = {
			isa = XCBuildConfiguration;
			buildSettings = {
				CODE_SIGN_IDENTITY = "Apple Development";
				CODE_SIGN_STYLE = Automatic;
				DEVELOPMENT_TEAM = 7772ZUX4ZL;
				ENABLE_HARDENED_RUNTIME = YES;
				PRODUCT_NAME = "$(TARGET_NAME)";
				SWIFT_VERSION = 5.0;
			};
			name = Debug;
		};
		885419EB25EAE1E500481CD9 /* Release */ = {
			isa = XCBuildConfiguration;
			buildSettings = {
				CODE_SIGN_IDENTITY = "Apple Development";
				CODE_SIGN_STYLE = Automatic;
				DEVELOPMENT_TEAM = 7772ZUX4ZL;
				ENABLE_HARDENED_RUNTIME = YES;
				PRODUCT_NAME = "$(TARGET_NAME)";
				SWIFT_VERSION = 5.0;
			};
			name = Release;
		};
/* End XCBuildConfiguration section */

/* Begin XCConfigurationList section */
		885419DD25EAE1E500481CD9 /* Build configuration list for PBXProject "leetcode-interview-swift" */ = {
			isa = XCConfigurationList;
			buildConfigurations = (
				885419E725EAE1E500481CD9 /* Debug */,
				885419E825EAE1E500481CD9 /* Release */,
			);
			defaultConfigurationIsVisible = 0;
			defaultConfigurationName = Release;
		};
		885419E925EAE1E500481CD9 /* Build configuration list for PBXNativeTarget "leetcode-interview-swift" */ = {
			isa = XCConfigurationList;
			buildConfigurations = (
				885419EA25EAE1E500481CD9 /* Debug */,
				885419EB25EAE1E500481CD9 /* Release */,
			);
			defaultConfigurationIsVisible = 0;
			defaultConfigurationName = Release;
		};
/* End XCConfigurationList section */
	};
	rootObject = 885419DA25EAE1E500481CD9 /* Project object */;
}
