// !$*UTF8*$!
{
	archiveVersion = 1;
	classes = {
	};
	objectVersion = 50;
	objects = {

/* Begin PBXBuildFile section */
		8802AD93264B237A00FC0AE6 /* binary_reverse.swift in Sources */ = {isa = PBXBuildFile; fileRef = 8802AD92264B237A00FC0AE6 /* binary_reverse.swift */; };
		884B4B7F25ED901A00DBED1C /* distribute_candies.swift in Sources */ = {isa = PBXBuildFile; fileRef = 884B4B7E25ED901A00DBED1C /* distribute_candies.swift */; };
		885419E625EAE1E500481CD9 /* main.swift in Sources */ = {isa = PBXBuildFile; fileRef = 885419E525EAE1E500481CD9 /* main.swift */; };
		885419F025EAE23800481CD9 /* remove_duplicates.swift in Sources */ = {isa = PBXBuildFile; fileRef = 885419EF25EAE23800481CD9 /* remove_duplicates.swift */; };
		885419F625EAE44500481CD9 /* Helper.swift in Sources */ = {isa = PBXBuildFile; fileRef = 885419F525EAE44500481CD9 /* Helper.swift */; };
		885419F925EAE47400481CD9 /* best_time_to_buy_and_sell_stock2.swift in Sources */ = {isa = PBXBuildFile; fileRef = 885419F825EAE47400481CD9 /* best_time_to_buy_and_sell_stock2.swift */; };
		885419FC25EAE4F700481CD9 /* rotate_array.swift in Sources */ = {isa = PBXBuildFile; fileRef = 885419FB25EAE4F700481CD9 /* rotate_array.swift */; };
		885419FF25EAE5E200481CD9 /* contains_duplicate.swift in Sources */ = {isa = PBXBuildFile; fileRef = 885419FE25EAE5E200481CD9 /* contains_duplicate.swift */; };
		88541A0225EAE65C00481CD9 /* single_number.swift in Sources */ = {isa = PBXBuildFile; fileRef = 88541A0125EAE65C00481CD9 /* single_number.swift */; };
		88541A0525EAE6C400481CD9 /* intersect_of_two_arrays2.swift in Sources */ = {isa = PBXBuildFile; fileRef = 88541A0425EAE6C400481CD9 /* intersect_of_two_arrays2.swift */; };
		88541A0825EAE6EA00481CD9 /* plus_one.swift in Sources */ = {isa = PBXBuildFile; fileRef = 88541A0725EAE6EA00481CD9 /* plus_one.swift */; };
		88541A0B25EAE6FD00481CD9 /* move_zeroes.swift in Sources */ = {isa = PBXBuildFile; fileRef = 88541A0A25EAE6FD00481CD9 /* move_zeroes.swift */; };
		88541A0E25EAE71900481CD9 /* two_sum.swift in Sources */ = {isa = PBXBuildFile; fileRef = 88541A0D25EAE71900481CD9 /* two_sum.swift */; };
		88541A1125EAE77600481CD9 /* rotate_image.swift in Sources */ = {isa = PBXBuildFile; fileRef = 88541A1025EAE77600481CD9 /* rotate_image.swift */; };
		8859B75525F26ED600FE48A9 /* average_of_levels_in_binarytree.swift in Sources */ = {isa = PBXBuildFile; fileRef = 8859B75425F26ED600FE48A9 /* average_of_levels_in_binarytree.swift */; };
		8859B75925F2742D00FE48A9 /* longest_substr_without_repeating_characters.swift in Sources */ = {isa = PBXBuildFile; fileRef = 8859B75825F2742D00FE48A9 /* longest_substr_without_repeating_characters.swift */; };
		8861442A26473000002610FE /* is_palindrome.swift in Sources */ = {isa = PBXBuildFile; fileRef = 8861441E26473000002610FE /* is_palindrome.swift */; };
		8861442B26473000002610FE /* condense_whitespace.swift in Sources */ = {isa = PBXBuildFile; fileRef = 8861441F26473000002610FE /* condense_whitespace.swift */; };
		8861442C26473000002610FE /* find_longest_prefix.swift in Sources */ = {isa = PBXBuildFile; fileRef = 8861442026473000002610FE /* find_longest_prefix.swift */; };
		8861442D26473000002610FE /* string_is_rotated.swift in Sources */ = {isa = PBXBuildFile; fileRef = 8861442126473000002610FE /* string_is_rotated.swift */; };
		8861442E26473000002610FE /* count_characters.swift in Sources */ = {isa = PBXBuildFile; fileRef = 8861442226473000002610FE /* count_characters.swift */; };
		8861442F26473000002610FE /* string_contains.swift in Sources */ = {isa = PBXBuildFile; fileRef = 8861442326473000002610FE /* string_contains.swift */; };
		8861443026473000002610FE /* find_panagrams.swift in Sources */ = {isa = PBXBuildFile; fileRef = 8861442426473000002610FE /* find_panagrams.swift */; };
		8861443126473000002610FE /* remove_duplicate_letter.swift in Sources */ = {isa = PBXBuildFile; fileRef = 8861442526473000002610FE /* remove_duplicate_letter.swift */; };
		8861443226473000002610FE /* three_different_letters.swift in Sources */ = {isa = PBXBuildFile; fileRef = 8861442626473000002610FE /* three_different_letters.swift */; };
		8861443326473000002610FE /* unique_letters.swift in Sources */ = {isa = PBXBuildFile; fileRef = 8861442726473000002610FE /* unique_letters.swift */; };
		8861443426473000002610FE /* vowels_and_constants.swift in Sources */ = {isa = PBXBuildFile; fileRef = 8861442826473000002610FE /* vowels_and_constants.swift */; };
		8861443526473000002610FE /* contains_same_characters.swift in Sources */ = {isa = PBXBuildFile; fileRef = 8861442926473000002610FE /* contains_same_characters.swift */; };
		8862B4C02649FCA700706A06 /* run_length_encoding.swift in Sources */ = {isa = PBXBuildFile; fileRef = 8862B4BF2649FCA700706A06 /* run_length_encoding.swift */; };
		8862B4C22649FEB900706A06 /* string_permuatations.swift in Sources */ = {isa = PBXBuildFile; fileRef = 8862B4C12649FEB900706A06 /* string_permuatations.swift */; };
		8862B4C4264A017E00706A06 /* reverse_the_words.swift in Sources */ = {isa = PBXBuildFile; fileRef = 8862B4C3264A017E00706A06 /* reverse_the_words.swift */; };
		8862B4C7264A037300706A06 /* fizz_buzz.swift in Sources */ = {isa = PBXBuildFile; fileRef = 8862B4C6264A037300706A06 /* fizz_buzz.swift */; };
		886F0802264EFD740039EE0C /* print_last_lines.swift in Sources */ = {isa = PBXBuildFile; fileRef = 886F0801264EFD740039EE0C /* print_last_lines.swift */; };
		886F0804264EFF220039EE0C /* log_a_message.swift in Sources */ = {isa = PBXBuildFile; fileRef = 886F0803264EFF220039EE0C /* log_a_message.swift */; };
		886F0806264F021D0039EE0C /* documents_dir.swift in Sources */ = {isa = PBXBuildFile; fileRef = 886F0805264F021D0039EE0C /* documents_dir.swift */; };
		886F0808264F05130039EE0C /* new_jpegs.swift in Sources */ = {isa = PBXBuildFile; fileRef = 886F0807264F05130039EE0C /* new_jpegs.swift */; };
		886F080A264F10BB0039EE0C /* copy_recursively.swift in Sources */ = {isa = PBXBuildFile; fileRef = 886F0809264F10BB0039EE0C /* copy_recursively.swift */; };
		888D0FF9264AFEDA00312073 /* generate_a_random_number.swift in Sources */ = {isa = PBXBuildFile; fileRef = 888D0FF8264AFEDA00312073 /* generate_a_random_number.swift */; };
		888D0FFB264B005E00312073 /* recreate_the_pow_func.swift in Sources */ = {isa = PBXBuildFile; fileRef = 888D0FFA264B005E00312073 /* recreate_the_pow_func.swift */; };
		888D0FFD264B032F00312073 /* swap_two_number.swift in Sources */ = {isa = PBXBuildFile; fileRef = 888D0FFC264B032F00312073 /* swap_two_number.swift */; };
		888D0FFF264B069900312073 /* number_is_prime.swift in Sources */ = {isa = PBXBuildFile; fileRef = 888D0FFE264B069900312073 /* number_is_prime.swift */; };
		888D1001264B0C4F00312073 /* counting_binary_ones.swift in Sources */ = {isa = PBXBuildFile; fileRef = 888D1000264B0C4F00312073 /* counting_binary_ones.swift */; };
		88912A1F25EE3789005D6323 /* set_mismatch.swift in Sources */ = {isa = PBXBuildFile; fileRef = 88912A1E25EE3789005D6323 /* set_mismatch.swift */; };
		88912A2225EE3B63005D6323 /* longest_common_prefix.swift in Sources */ = {isa = PBXBuildFile; fileRef = 88912A2125EE3B63005D6323 /* longest_common_prefix.swift */; };
		88912A2525EE4321005D6323 /* count_and_say.swift in Sources */ = {isa = PBXBuildFile; fileRef = 88912A2425EE4321005D6323 /* count_and_say.swift */; };
		88912A2A25EE6624005D6323 /* delete_node_in_list.swift in Sources */ = {isa = PBXBuildFile; fileRef = 88912A2925EE6624005D6323 /* delete_node_in_list.swift */; };
		889F4CEE25EBC4DC00B8010A /* reverse_string.swift in Sources */ = {isa = PBXBuildFile; fileRef = 889F4CED25EBC4DC00B8010A /* reverse_string.swift */; };
		889F4CF225EBC4FB00B8010A /* reverse_integer.swift in Sources */ = {isa = PBXBuildFile; fileRef = 889F4CF125EBC4FB00B8010A /* reverse_integer.swift */; };
		889F4CF525EBC51100B8010A /* first_unique_character_in_string.swift in Sources */ = {isa = PBXBuildFile; fileRef = 889F4CF425EBC51100B8010A /* first_unique_character_in_string.swift */; };
		889F4CF925EBC6F400B8010A /* valid_palindrome.swift in Sources */ = {isa = PBXBuildFile; fileRef = 889F4CF825EBC6F400B8010A /* valid_palindrome.swift */; };
		889F4CFC25EBC71F00B8010A /* valid_anagram.swift in Sources */ = {isa = PBXBuildFile; fileRef = 889F4CFB25EBC71F00B8010A /* valid_anagram.swift */; };
		889F4CFF25EBEA6C00B8010A /* string_to_integer_atoi.swift in Sources */ = {isa = PBXBuildFile; fileRef = 889F4CFE25EBEA6C00B8010A /* string_to_integer_atoi.swift */; };
		889F4D0225EBEF0B00B8010A /* implement_strStr.swift in Sources */ = {isa = PBXBuildFile; fileRef = 889F4D0125EBEF0B00B8010A /* implement_strStr.swift */; };
		889F4D0625EC2B5200B8010A /* merge_sorted_array.swift in Sources */ = {isa = PBXBuildFile; fileRef = 889F4D0525EC2B5200B8010A /* merge_sorted_array.swift */; };
		88B18D1225EEB7C9002A5A8A /* set_matrix_zeroes.swift in Sources */ = {isa = PBXBuildFile; fileRef = 88B18D1125EEB7C9002A5A8A /* set_matrix_zeroes.swift */; };
		88B18D1525EEBFC4002A5A8A /* group_anagrams.swift in Sources */ = {isa = PBXBuildFile; fileRef = 88B18D1425EEBFC4002A5A8A /* group_anagrams.swift */; };
		88C7732325F2A78F0042A3C3 /* increasing_triplet_sequence.swift in Sources */ = {isa = PBXBuildFile; fileRef = 88C7732225F2A78F0042A3C3 /* increasing_triplet_sequence.swift */; };
		88C7732825F2B0680042A3C3 /* add_two_numbers.swift in Sources */ = {isa = PBXBuildFile; fileRef = 88C7732725F2B0680042A3C3 /* add_two_numbers.swift */; };
		88F43300265098BC00BD6883 /* chunk_array.swift in Sources */ = {isa = PBXBuildFile; fileRef = 88F432FF265098BC00BD6883 /* chunk_array.swift */; };
		88F4330C2650A36C00BD6883 /* word_frequency.swift in Sources */ = {isa = PBXBuildFile; fileRef = 88F4330B2650A36C00BD6883 /* word_frequency.swift */; };
		88F4330E2650A89200BD6883 /* find_duplicate_filenames.swift in Sources */ = {isa = PBXBuildFile; fileRef = 88F4330D2650A89200BD6883 /* find_duplicate_filenames.swift */; };
		88F433102650AE1500BD6883 /* find_executables.swift in Sources */ = {isa = PBXBuildFile; fileRef = 88F4330F2650AE1500BD6883 /* find_executables.swift */; };
		88F433132650B07900BD6883 /* convert_images.swift in Sources */ = {isa = PBXBuildFile; fileRef = 88F433122650B07900BD6883 /* convert_images.swift */; };
		88F433152650B76000BD6883 /* print_error_lines.swift in Sources */ = {isa = PBXBuildFile; fileRef = 88F433142650B76000BD6883 /* print_error_lines.swift */; };
		88F433182651481F00BD6883 /* count_the_numbers.swift in Sources */ = {isa = PBXBuildFile; fileRef = 88F433172651481F00BD6883 /* count_the_numbers.swift */; };
		88F4331A265149CE00BD6883 /* find_N_smallest.swift in Sources */ = {isa = PBXBuildFile; fileRef = 88F43319265149CE00BD6883 /* find_N_smallest.swift */; };
		88F4331C26514E1100BD6883 /* sorting_a_string_by_array_length.swift in Sources */ = {isa = PBXBuildFile; fileRef = 88F4331B26514E1100BD6883 /* sorting_a_string_by_array_length.swift */; };
		88F48DD1264DB2F30096C538 /* integer_disguised_as_string.swift in Sources */ = {isa = PBXBuildFile; fileRef = 88F48DD0264DB2F30096C538 /* integer_disguised_as_string.swift */; };
		88F48DD3264DB6300096C538 /* add_numbers_inside_string.swift in Sources */ = {isa = PBXBuildFile; fileRef = 88F48DD2264DB6300096C538 /* add_numbers_inside_string.swift */; };
		88F48DD5264DB80C0096C538 /* calculate_square_root_by_hand.swift in Sources */ = {isa = PBXBuildFile; fileRef = 88F48DD4264DB80C0096C538 /* calculate_square_root_by_hand.swift */; };
		88F48DD7264DBD290096C538 /* subtract_without_subtract.swift in Sources */ = {isa = PBXBuildFile; fileRef = 88F48DD6264DBD290096C538 /* subtract_without_subtract.swift */; };
		88F7668325F1591D0009082A /* longest_palindromic_ substring.swift in Sources */ = {isa = PBXBuildFile; fileRef = 88F7668225F1591D0009082A /* longest_palindromic_ substring.swift */; };
		88F7668625F16B770009082A /* get_intersect_two_linked_list.swift in Sources */ = {isa = PBXBuildFile; fileRef = 88F7668525F16B770009082A /* get_intersect_two_linked_list.swift */; };
		88F7668925F1839E0009082A /* missing_number.swift in Sources */ = {isa = PBXBuildFile; fileRef = 88F7668825F1839E0009082A /* missing_number.swift */; };
		88F7668C25F187540009082A /* remove_nth_node_from_end.swift in Sources */ = {isa = PBXBuildFile; fileRef = 88F7668B25F187540009082A /* remove_nth_node_from_end.swift */; };
/* End PBXBuildFile section */

/* Begin PBXCopyFilesBuildPhase section */
		885419E025EAE1E500481CD9 /* CopyFiles */ = {
			isa = PBXCopyFilesBuildPhase;
			buildActionMask = 2147483647;
			dstPath = /usr/share/man/man1/;
			dstSubfolderSpec = 0;
			files = (
			);
			runOnlyForDeploymentPostprocessing = 1;
		};
/* End PBXCopyFilesBuildPhase section */

/* Begin PBXFileReference section */
		8802AD92264B237A00FC0AE6 /* binary_reverse.swift */ = {isa = PBXFileReference; lastKnownFileType = sourcecode.swift; path = binary_reverse.swift; sourceTree = "<group>"; };
		8847A668260BDA7700DEE38C /* leetcode-interview-swift */ = {isa = PBXFileReference; explicitFileType = "compiled.mach-o.executable"; includeInIndex = 0; path = "leetcode-interview-swift"; sourceTree = BUILT_PRODUCTS_DIR; };
		884B4B7E25ED901A00DBED1C /* distribute_candies.swift */ = {isa = PBXFileReference; lastKnownFileType = sourcecode.swift; path = distribute_candies.swift; sourceTree = "<group>"; };
		885419E525EAE1E500481CD9 /* main.swift */ = {isa = PBXFileReference; lastKnownFileType = sourcecode.swift; path = main.swift; sourceTree = "<group>"; };
		885419EF25EAE23800481CD9 /* remove_duplicates.swift */ = {isa = PBXFileReference; lastKnownFileType = sourcecode.swift; path = remove_duplicates.swift; sourceTree = "<group>"; };
		885419F525EAE44500481CD9 /* Helper.swift */ = {isa = PBXFileReference; lastKnownFileType = sourcecode.swift; path = Helper.swift; sourceTree = "<group>"; };
		885419F825EAE47400481CD9 /* best_time_to_buy_and_sell_stock2.swift */ = {isa = PBXFileReference; lastKnownFileType = sourcecode.swift; path = best_time_to_buy_and_sell_stock2.swift; sourceTree = "<group>"; };
		885419FB25EAE4F700481CD9 /* rotate_array.swift */ = {isa = PBXFileReference; lastKnownFileType = sourcecode.swift; path = rotate_array.swift; sourceTree = "<group>"; };
		885419FE25EAE5E200481CD9 /* contains_duplicate.swift */ = {isa = PBXFileReference; lastKnownFileType = sourcecode.swift; path = contains_duplicate.swift; sourceTree = "<group>"; };
		88541A0125EAE65C00481CD9 /* single_number.swift */ = {isa = PBXFileReference; lastKnownFileType = sourcecode.swift; path = single_number.swift; sourceTree = "<group>"; };
		88541A0425EAE6C400481CD9 /* intersect_of_two_arrays2.swift */ = {isa = PBXFileReference; lastKnownFileType = sourcecode.swift; path = intersect_of_two_arrays2.swift; sourceTree = "<group>"; };
		88541A0725EAE6EA00481CD9 /* plus_one.swift */ = {isa = PBXFileReference; lastKnownFileType = sourcecode.swift; path = plus_one.swift; sourceTree = "<group>"; };
		88541A0A25EAE6FD00481CD9 /* move_zeroes.swift */ = {isa = PBXFileReference; lastKnownFileType = sourcecode.swift; path = move_zeroes.swift; sourceTree = "<group>"; };
		88541A0D25EAE71900481CD9 /* two_sum.swift */ = {isa = PBXFileReference; lastKnownFileType = sourcecode.swift; path = two_sum.swift; sourceTree = "<group>"; };
		88541A1025EAE77600481CD9 /* rotate_image.swift */ = {isa = PBXFileReference; lastKnownFileType = sourcecode.swift; path = rotate_image.swift; sourceTree = "<group>"; };
		8859B75425F26ED600FE48A9 /* average_of_levels_in_binarytree.swift */ = {isa = PBXFileReference; lastKnownFileType = sourcecode.swift; path = average_of_levels_in_binarytree.swift; sourceTree = "<group>"; };
		8859B75825F2742D00FE48A9 /* longest_substr_without_repeating_characters.swift */ = {isa = PBXFileReference; lastKnownFileType = sourcecode.swift; path = longest_substr_without_repeating_characters.swift; sourceTree = "<group>"; };
		8861441E26473000002610FE /* is_palindrome.swift */ = {isa = PBXFileReference; fileEncoding = 4; lastKnownFileType = sourcecode.swift; path = is_palindrome.swift; sourceTree = "<group>"; };
		8861441F26473000002610FE /* condense_whitespace.swift */ = {isa = PBXFileReference; fileEncoding = 4; lastKnownFileType = sourcecode.swift; path = condense_whitespace.swift; sourceTree = "<group>"; };
		8861442026473000002610FE /* find_longest_prefix.swift */ = {isa = PBXFileReference; fileEncoding = 4; lastKnownFileType = sourcecode.swift; path = find_longest_prefix.swift; sourceTree = "<group>"; };
		8861442126473000002610FE /* string_is_rotated.swift */ = {isa = PBXFileReference; fileEncoding = 4; lastKnownFileType = sourcecode.swift; path = string_is_rotated.swift; sourceTree = "<group>"; };
		8861442226473000002610FE /* count_characters.swift */ = {isa = PBXFileReference; fileEncoding = 4; lastKnownFileType = sourcecode.swift; path = count_characters.swift; sourceTree = "<group>"; };
		8861442326473000002610FE /* string_contains.swift */ = {isa = PBXFileReference; fileEncoding = 4; lastKnownFileType = sourcecode.swift; path = string_contains.swift; sourceTree = "<group>"; };
		8861442426473000002610FE /* find_panagrams.swift */ = {isa = PBXFileReference; fileEncoding = 4; lastKnownFileType = sourcecode.swift; path = find_panagrams.swift; sourceTree = "<group>"; };
		8861442526473000002610FE /* remove_duplicate_letter.swift */ = {isa = PBXFileReference; fileEncoding = 4; lastKnownFileType = sourcecode.swift; path = remove_duplicate_letter.swift; sourceTree = "<group>"; };
		8861442626473000002610FE /* three_different_letters.swift */ = {isa = PBXFileReference; fileEncoding = 4; lastKnownFileType = sourcecode.swift; path = three_different_letters.swift; sourceTree = "<group>"; };
		8861442726473000002610FE /* unique_letters.swift */ = {isa = PBXFileReference; fileEncoding = 4; lastKnownFileType = sourcecode.swift; path = unique_letters.swift; sourceTree = "<group>"; };
		8861442826473000002610FE /* vowels_and_constants.swift */ = {isa = PBXFileReference; fileEncoding = 4; lastKnownFileType = sourcecode.swift; path = vowels_and_constants.swift; sourceTree = "<group>"; };
		8861442926473000002610FE /* contains_same_characters.swift */ = {isa = PBXFileReference; fileEncoding = 4; lastKnownFileType = sourcecode.swift; path = contains_same_characters.swift; sourceTree = "<group>"; };
		8862B4BF2649FCA700706A06 /* run_length_encoding.swift */ = {isa = PBXFileReference; lastKnownFileType = sourcecode.swift; path = run_length_encoding.swift; sourceTree = "<group>"; };
		8862B4C12649FEB900706A06 /* string_permuatations.swift */ = {isa = PBXFileReference; lastKnownFileType = sourcecode.swift; path = string_permuatations.swift; sourceTree = "<group>"; };
		8862B4C3264A017E00706A06 /* reverse_the_words.swift */ = {isa = PBXFileReference; lastKnownFileType = sourcecode.swift; path = reverse_the_words.swift; sourceTree = "<group>"; };
		8862B4C6264A037300706A06 /* fizz_buzz.swift */ = {isa = PBXFileReference; lastKnownFileType = sourcecode.swift; path = fizz_buzz.swift; sourceTree = "<group>"; };
		886F0801264EFD740039EE0C /* print_last_lines.swift */ = {isa = PBXFileReference; lastKnownFileType = sourcecode.swift; path = print_last_lines.swift; sourceTree = "<group>"; };
		886F0803264EFF220039EE0C /* log_a_message.swift */ = {isa = PBXFileReference; lastKnownFileType = sourcecode.swift; path = log_a_message.swift; sourceTree = "<group>"; };
		886F0805264F021D0039EE0C /* documents_dir.swift */ = {isa = PBXFileReference; lastKnownFileType = sourcecode.swift; path = documents_dir.swift; sourceTree = "<group>"; };
		886F0807264F05130039EE0C /* new_jpegs.swift */ = {isa = PBXFileReference; lastKnownFileType = sourcecode.swift; path = new_jpegs.swift; sourceTree = "<group>"; };
		886F0809264F10BB0039EE0C /* copy_recursively.swift */ = {isa = PBXFileReference; lastKnownFileType = sourcecode.swift; path = copy_recursively.swift; sourceTree = "<group>"; };
		888D0FF8264AFEDA00312073 /* generate_a_random_number.swift */ = {isa = PBXFileReference; lastKnownFileType = sourcecode.swift; path = generate_a_random_number.swift; sourceTree = "<group>"; };
		888D0FFA264B005E00312073 /* recreate_the_pow_func.swift */ = {isa = PBXFileReference; lastKnownFileType = sourcecode.swift; path = recreate_the_pow_func.swift; sourceTree = "<group>"; };
		888D0FFC264B032F00312073 /* swap_two_number.swift */ = {isa = PBXFileReference; lastKnownFileType = sourcecode.swift; path = swap_two_number.swift; sourceTree = "<group>"; };
		888D0FFE264B069900312073 /* number_is_prime.swift */ = {isa = PBXFileReference; lastKnownFileType = sourcecode.swift; path = number_is_prime.swift; sourceTree = "<group>"; };
		888D1000264B0C4F00312073 /* counting_binary_ones.swift */ = {isa = PBXFileReference; lastKnownFileType = sourcecode.swift; path = counting_binary_ones.swift; sourceTree = "<group>"; };
		88912A1E25EE3789005D6323 /* set_mismatch.swift */ = {isa = PBXFileReference; lastKnownFileType = sourcecode.swift; path = set_mismatch.swift; sourceTree = "<group>"; };
		88912A2125EE3B63005D6323 /* longest_common_prefix.swift */ = {isa = PBXFileReference; lastKnownFileType = sourcecode.swift; path = longest_common_prefix.swift; sourceTree = "<group>"; };
		88912A2425EE4321005D6323 /* count_and_say.swift */ = {isa = PBXFileReference; lastKnownFileType = sourcecode.swift; path = count_and_say.swift; sourceTree = "<group>"; };
		88912A2925EE6624005D6323 /* delete_node_in_list.swift */ = {isa = PBXFileReference; lastKnownFileType = sourcecode.swift; path = delete_node_in_list.swift; sourceTree = "<group>"; };
		889F4CED25EBC4DC00B8010A /* reverse_string.swift */ = {isa = PBXFileReference; lastKnownFileType = sourcecode.swift; path = reverse_string.swift; sourceTree = "<group>"; };
		889F4CF125EBC4FB00B8010A /* reverse_integer.swift */ = {isa = PBXFileReference; lastKnownFileType = sourcecode.swift; path = reverse_integer.swift; sourceTree = "<group>"; };
		889F4CF425EBC51100B8010A /* first_unique_character_in_string.swift */ = {isa = PBXFileReference; lastKnownFileType = sourcecode.swift; path = first_unique_character_in_string.swift; sourceTree = "<group>"; };
		889F4CF825EBC6F400B8010A /* valid_palindrome.swift */ = {isa = PBXFileReference; lastKnownFileType = sourcecode.swift; path = valid_palindrome.swift; sourceTree = "<group>"; };
		889F4CFB25EBC71F00B8010A /* valid_anagram.swift */ = {isa = PBXFileReference; lastKnownFileType = sourcecode.swift; path = valid_anagram.swift; sourceTree = "<group>"; };
		889F4CFE25EBEA6C00B8010A /* string_to_integer_atoi.swift */ = {isa = PBXFileReference; lastKnownFileType = sourcecode.swift; path = string_to_integer_atoi.swift; sourceTree = "<group>"; };
		889F4D0125EBEF0B00B8010A /* implement_strStr.swift */ = {isa = PBXFileReference; lastKnownFileType = sourcecode.swift; path = implement_strStr.swift; sourceTree = "<group>"; };
		889F4D0525EC2B5200B8010A /* merge_sorted_array.swift */ = {isa = PBXFileReference; lastKnownFileType = sourcecode.swift; path = merge_sorted_array.swift; sourceTree = "<group>"; };
		88B18D1125EEB7C9002A5A8A /* set_matrix_zeroes.swift */ = {isa = PBXFileReference; lastKnownFileType = sourcecode.swift; path = set_matrix_zeroes.swift; sourceTree = "<group>"; };
		88B18D1425EEBFC4002A5A8A /* group_anagrams.swift */ = {isa = PBXFileReference; lastKnownFileType = sourcecode.swift; path = group_anagrams.swift; sourceTree = "<group>"; };
		88C7732225F2A78F0042A3C3 /* increasing_triplet_sequence.swift */ = {isa = PBXFileReference; lastKnownFileType = sourcecode.swift; path = increasing_triplet_sequence.swift; sourceTree = "<group>"; };
		88C7732725F2B0680042A3C3 /* add_two_numbers.swift */ = {isa = PBXFileReference; lastKnownFileType = sourcecode.swift; path = add_two_numbers.swift; sourceTree = "<group>"; };
		88F432FF265098BC00BD6883 /* chunk_array.swift */ = {isa = PBXFileReference; lastKnownFileType = sourcecode.swift; path = chunk_array.swift; sourceTree = "<group>"; };
		88F4330B2650A36C00BD6883 /* word_frequency.swift */ = {isa = PBXFileReference; lastKnownFileType = sourcecode.swift; path = word_frequency.swift; sourceTree = "<group>"; };
		88F4330D2650A89200BD6883 /* find_duplicate_filenames.swift */ = {isa = PBXFileReference; lastKnownFileType = sourcecode.swift; path = find_duplicate_filenames.swift; sourceTree = "<group>"; };
		88F4330F2650AE1500BD6883 /* find_executables.swift */ = {isa = PBXFileReference; lastKnownFileType = sourcecode.swift; path = find_executables.swift; sourceTree = "<group>"; };
		88F433122650B07900BD6883 /* convert_images.swift */ = {isa = PBXFileReference; lastKnownFileType = sourcecode.swift; path = convert_images.swift; sourceTree = "<group>"; };
		88F433142650B76000BD6883 /* print_error_lines.swift */ = {isa = PBXFileReference; lastKnownFileType = sourcecode.swift; path = print_error_lines.swift; sourceTree = "<group>"; };
		88F433172651481F00BD6883 /* count_the_numbers.swift */ = {isa = PBXFileReference; lastKnownFileType = sourcecode.swift; path = count_the_numbers.swift; sourceTree = "<group>"; };
		88F43319265149CE00BD6883 /* find_N_smallest.swift */ = {isa = PBXFileReference; lastKnownFileType = sourcecode.swift; path = find_N_smallest.swift; sourceTree = "<group>"; };
		88F4331B26514E1100BD6883 /* sorting_a_string_by_array_length.swift */ = {isa = PBXFileReference; lastKnownFileType = sourcecode.swift; path = sorting_a_string_by_array_length.swift; sourceTree = "<group>"; };
		88F48DD0264DB2F30096C538 /* integer_disguised_as_string.swift */ = {isa = PBXFileReference; lastKnownFileType = sourcecode.swift; path = integer_disguised_as_string.swift; sourceTree = "<group>"; };
		88F48DD2264DB6300096C538 /* add_numbers_inside_string.swift */ = {isa = PBXFileReference; lastKnownFileType = sourcecode.swift; path = add_numbers_inside_string.swift; sourceTree = "<group>"; };
		88F48DD4264DB80C0096C538 /* calculate_square_root_by_hand.swift */ = {isa = PBXFileReference; lastKnownFileType = sourcecode.swift; path = calculate_square_root_by_hand.swift; sourceTree = "<group>"; };
		88F48DD6264DBD290096C538 /* subtract_without_subtract.swift */ = {isa = PBXFileReference; lastKnownFileType = sourcecode.swift; path = subtract_without_subtract.swift; sourceTree = "<group>"; };
		88F7668225F1591D0009082A /* longest_palindromic_ substring.swift */ = {isa = PBXFileReference; lastKnownFileType = sourcecode.swift; path = "longest_palindromic_ substring.swift"; sourceTree = "<group>"; };
		88F7668525F16B770009082A /* get_intersect_two_linked_list.swift */ = {isa = PBXFileReference; lastKnownFileType = sourcecode.swift; path = get_intersect_two_linked_list.swift; sourceTree = "<group>"; };
		88F7668825F1839E0009082A /* missing_number.swift */ = {isa = PBXFileReference; lastKnownFileType = sourcecode.swift; path = missing_number.swift; sourceTree = "<group>"; };
		88F7668B25F187540009082A /* remove_nth_node_from_end.swift */ = {isa = PBXFileReference; lastKnownFileType = sourcecode.swift; path = remove_nth_node_from_end.swift; sourceTree = "<group>"; };
/* End PBXFileReference section */

/* Begin PBXFrameworksBuildPhase section */
		885419DF25EAE1E500481CD9 /* Frameworks */ = {
			isa = PBXFrameworksBuildPhase;
			buildActionMask = 2147483647;
			files = (
			);
			runOnlyForDeploymentPostprocessing = 0;
		};
/* End PBXFrameworksBuildPhase section */

/* Begin PBXGroup section */
		884B4B7D25ED8FFE00DBED1C /* MarchChallenge */ = {
			isa = PBXGroup;
			children = (
				884B4B7E25ED901A00DBED1C /* distribute_candies.swift */,
				88912A1E25EE3789005D6323 /* set_mismatch.swift */,
				88F7668525F16B770009082A /* get_intersect_two_linked_list.swift */,
				88F7668825F1839E0009082A /* missing_number.swift */,
				8859B75425F26ED600FE48A9 /* average_of_levels_in_binarytree.swift */,
			);
			path = MarchChallenge;
			sourceTree = "<group>";
		};
		88519DE826081C740094CF10 /* SwiftChallenges */ = {
			isa = PBXGroup;
			children = (
				88F433162650C29C00BD6883 /* Collections */,
				886F0800264EFD600039EE0C /* Files */,
				8862B4C5264A035900706A06 /* Numbers */,
				88519DE926081C830094CF10 /* Strings */,
			);
			path = SwiftChallenges;
			sourceTree = "<group>";
		};
		88519DE926081C830094CF10 /* Strings */ = {
			isa = PBXGroup;
			children = (
				8861442726473000002610FE /* unique_letters.swift */,
				8861441F26473000002610FE /* condense_whitespace.swift */,
				8861442926473000002610FE /* contains_same_characters.swift */,
				8861442226473000002610FE /* count_characters.swift */,
				8861442026473000002610FE /* find_longest_prefix.swift */,
				8861442426473000002610FE /* find_panagrams.swift */,
				8861441E26473000002610FE /* is_palindrome.swift */,
				8861442526473000002610FE /* remove_duplicate_letter.swift */,
				8861442326473000002610FE /* string_contains.swift */,
				8861442126473000002610FE /* string_is_rotated.swift */,
				8861442626473000002610FE /* three_different_letters.swift */,
				8861442826473000002610FE /* vowels_and_constants.swift */,
				8862B4BF2649FCA700706A06 /* run_length_encoding.swift */,
				8862B4C12649FEB900706A06 /* string_permuatations.swift */,
				8862B4C3264A017E00706A06 /* reverse_the_words.swift */,
			);
			path = Strings;
			sourceTree = "<group>";
		};
		885419D925EAE1E500481CD9 = {
			isa = PBXGroup;
			children = (
				885419E425EAE1E500481CD9 /* leetcode-interview-swift */,
				8847A668260BDA7700DEE38C /* leetcode-interview-swift */,
			);
			sourceTree = "<group>";
		};
		885419E425EAE1E500481CD9 /* leetcode-interview-swift */ = {
			isa = PBXGroup;
			children = (
				88519DE826081C740094CF10 /* SwiftChallenges */,
				88B18D0F25EEB7AA002A5A8A /* Medium */,
				884B4B7D25ED8FFE00DBED1C /* MarchChallenge */,
				885419ED25EAE21600481CD9 /* Easy */,
				885419E525EAE1E500481CD9 /* main.swift */,
				885419F525EAE44500481CD9 /* Helper.swift */,
			);
			path = "leetcode-interview-swift";
			sourceTree = "<group>";
		};
		885419ED25EAE21600481CD9 /* Easy */ = {
			isa = PBXGroup;
			children = (
				88912A2825EE660B005D6323 /* LinkedList */,
				889F4D0425EC2B4500B8010A /* Sorting */,
				889F4CEC25EBC4C300B8010A /* Strings */,
				885419EE25EAE21E00481CD9 /* Array */,
			);
			path = Easy;
			sourceTree = "<group>";
		};
		885419EE25EAE21E00481CD9 /* Array */ = {
			isa = PBXGroup;
			children = (
				885419EF25EAE23800481CD9 /* remove_duplicates.swift */,
				885419F825EAE47400481CD9 /* best_time_to_buy_and_sell_stock2.swift */,
				885419FB25EAE4F700481CD9 /* rotate_array.swift */,
				885419FE25EAE5E200481CD9 /* contains_duplicate.swift */,
				88541A0125EAE65C00481CD9 /* single_number.swift */,
				88541A0425EAE6C400481CD9 /* intersect_of_two_arrays2.swift */,
				88541A0725EAE6EA00481CD9 /* plus_one.swift */,
				88541A0A25EAE6FD00481CD9 /* move_zeroes.swift */,
				88541A0D25EAE71900481CD9 /* two_sum.swift */,
				88541A1025EAE77600481CD9 /* rotate_image.swift */,
			);
			path = Array;
			sourceTree = "<group>";
		};
		8862B4C5264A035900706A06 /* Numbers */ = {
			isa = PBXGroup;
			children = (
				8862B4C6264A037300706A06 /* fizz_buzz.swift */,
				888D0FF8264AFEDA00312073 /* generate_a_random_number.swift */,
				888D0FFA264B005E00312073 /* recreate_the_pow_func.swift */,
				888D0FFC264B032F00312073 /* swap_two_number.swift */,
				888D0FFE264B069900312073 /* number_is_prime.swift */,
				888D1000264B0C4F00312073 /* counting_binary_ones.swift */,
				8802AD92264B237A00FC0AE6 /* binary_reverse.swift */,
				88F48DD0264DB2F30096C538 /* integer_disguised_as_string.swift */,
				88F48DD2264DB6300096C538 /* add_numbers_inside_string.swift */,
				88F48DD4264DB80C0096C538 /* calculate_square_root_by_hand.swift */,
				88F48DD6264DBD290096C538 /* subtract_without_subtract.swift */,
				88F432FF265098BC00BD6883 /* chunk_array.swift */,
			);
			path = Numbers;
			sourceTree = "<group>";
		};
		886F0800264EFD600039EE0C /* Files */ = {
			isa = PBXGroup;
			children = (
				886F0801264EFD740039EE0C /* print_last_lines.swift */,
				886F0803264EFF220039EE0C /* log_a_message.swift */,
				886F0805264F021D0039EE0C /* documents_dir.swift */,
				886F0807264F05130039EE0C /* new_jpegs.swift */,
				886F0809264F10BB0039EE0C /* copy_recursively.swift */,
				88F4330B2650A36C00BD6883 /* word_frequency.swift */,
				88F4330D2650A89200BD6883 /* find_duplicate_filenames.swift */,
				88F4330F2650AE1500BD6883 /* find_executables.swift */,
				88F433122650B07900BD6883 /* convert_images.swift */,
				88F433142650B76000BD6883 /* print_error_lines.swift */,
			);
			path = Files;
			sourceTree = "<group>";
		};
		88912A2825EE660B005D6323 /* LinkedList */ = {
			isa = PBXGroup;
			children = (
				88912A2925EE6624005D6323 /* delete_node_in_list.swift */,
				88F7668B25F187540009082A /* remove_nth_node_from_end.swift */,
			);
			path = LinkedList;
			sourceTree = "<group>";
		};
		889F4CEC25EBC4C300B8010A /* Strings */ = {
			isa = PBXGroup;
			children = (
				889F4CED25EBC4DC00B8010A /* reverse_string.swift */,
				889F4CF125EBC4FB00B8010A /* reverse_integer.swift */,
				889F4CF425EBC51100B8010A /* first_unique_character_in_string.swift */,
				889F4CF825EBC6F400B8010A /* valid_palindrome.swift */,
				889F4CFB25EBC71F00B8010A /* valid_anagram.swift */,
				889F4CFE25EBEA6C00B8010A /* string_to_integer_atoi.swift */,
				889F4D0125EBEF0B00B8010A /* implement_strStr.swift */,
				88912A2125EE3B63005D6323 /* longest_common_prefix.swift */,
				88912A2425EE4321005D6323 /* count_and_say.swift */,
			);
			path = Strings;
			sourceTree = "<group>";
		};
		889F4D0425EC2B4500B8010A /* Sorting */ = {
			isa = PBXGroup;
			children = (
				889F4D0525EC2B5200B8010A /* merge_sorted_array.swift */,
			);
			path = Sorting;
			sourceTree = "<group>";
		};
		88B18D0F25EEB7AA002A5A8A /* Medium */ = {
			isa = PBXGroup;
			children = (
				88C7732625F2B05C0042A3C3 /* LinkedList */,
				88B18D1025EEB7BC002A5A8A /* Array */,
			);
			path = Medium;
			sourceTree = "<group>";
		};
		88B18D1025EEB7BC002A5A8A /* Array */ = {
			isa = PBXGroup;
			children = (
				88B18D1125EEB7C9002A5A8A /* set_matrix_zeroes.swift */,
				88B18D1425EEBFC4002A5A8A /* group_anagrams.swift */,
				88F7668225F1591D0009082A /* longest_palindromic_ substring.swift */,
				8859B75825F2742D00FE48A9 /* longest_substr_without_repeating_characters.swift */,
				88C7732225F2A78F0042A3C3 /* increasing_triplet_sequence.swift */,
			);
			path = Array;
			sourceTree = "<group>";
		};
		88C7732625F2B05C0042A3C3 /* LinkedList */ = {
			isa = PBXGroup;
			children = (
				88C7732725F2B0680042A3C3 /* add_two_numbers.swift */,
			);
			path = LinkedList;
			sourceTree = "<group>";
		};
		88F433162650C29C00BD6883 /* Collections */ = {
			isa = PBXGroup;
			children = (
				88F433172651481F00BD6883 /* count_the_numbers.swift */,
				88F43319265149CE00BD6883 /* find_N_smallest.swift */,
				88F4331B26514E1100BD6883 /* sorting_a_string_by_array_length.swift */,
			);
			path = Collections;
			sourceTree = "<group>";
		};
/* End PBXGroup section */

/* Begin PBXNativeTarget section */
		885419E125EAE1E500481CD9 /* leetcode-interview-swift */ = {
			isa = PBXNativeTarget;
			buildConfigurationList = 885419E925EAE1E500481CD9 /* Build configuration list for PBXNativeTarget "leetcode-interview-swift" */;
			buildPhases = (
				883785DA26473EB90066D99F /* ShellScript */,
				885419DE25EAE1E500481CD9 /* Sources */,
				885419DF25EAE1E500481CD9 /* Frameworks */,
				885419E025EAE1E500481CD9 /* CopyFiles */,
			);
			buildRules = (
			);
			dependencies = (
			);
			name = "leetcode-interview-swift";
			productName = "leetcode-interview-swift";
			productReference = 8847A668260BDA7700DEE38C /* leetcode-interview-swift */;
			productType = "com.apple.product-type.tool";
		};
/* End PBXNativeTarget section */

/* Begin PBXProject section */
		885419DA25EAE1E500481CD9 /* Project object */ = {
			isa = PBXProject;
			attributes = {
				LastSwiftUpdateCheck = 1240;
				LastUpgradeCheck = 1240;
				TargetAttributes = {
					885419E125EAE1E500481CD9 = {
						CreatedOnToolsVersion = 12.4;
					};
				};
			};
			buildConfigurationList = 885419DD25EAE1E500481CD9 /* Build configuration list for PBXProject "leetcode-interview-swift" */;
			compatibilityVersion = "Xcode 9.3";
			developmentRegion = en;
			hasScannedForEncodings = 0;
			knownRegions = (
				en,
				Base,
			);
			mainGroup = 885419D925EAE1E500481CD9;
			productRefGroup = 885419D925EAE1E500481CD9;
			projectDirPath = "";
			projectRoot = "";
			targets = (
				885419E125EAE1E500481CD9 /* leetcode-interview-swift */,
			);
		};
/* End PBXProject section */

/* Begin PBXShellScriptBuildPhase section */
		883785DA26473EB90066D99F /* ShellScript */ = {
			isa = PBXShellScriptBuildPhase;
			buildActionMask = 2147483647;
			files = (
			);
			inputFileListPaths = (
			);
			inputPaths = (
			);
			outputFileListPaths = (
			);
			outputPaths = (
			);
			runOnlyForDeploymentPostprocessing = 0;
			shellPath = /bin/sh;
			shellScript = "
";
		};
/* End PBXShellScriptBuildPhase section */

/* Begin PBXSourcesBuildPhase section */
		885419DE25EAE1E500481CD9 /* Sources */ = {
			isa = PBXSourcesBuildPhase;
			buildActionMask = 2147483647;
			files = (
				8862B4C02649FCA700706A06 /* run_length_encoding.swift in Sources */,
				889F4D0225EBEF0B00B8010A /* implement_strStr.swift in Sources */,
				8861443026473000002610FE /* find_panagrams.swift in Sources */,
				8861443326473000002610FE /* unique_letters.swift in Sources */,
				88F7668C25F187540009082A /* remove_nth_node_from_end.swift in Sources */,
				8861442F26473000002610FE /* string_contains.swift in Sources */,
				88541A0825EAE6EA00481CD9 /* plus_one.swift in Sources */,
				8802AD93264B237A00FC0AE6 /* binary_reverse.swift in Sources */,
				88F4330C2650A36C00BD6883 /* word_frequency.swift in Sources */,
				88541A0E25EAE71900481CD9 /* two_sum.swift in Sources */,
				8861443126473000002610FE /* remove_duplicate_letter.swift in Sources */,
				88C7732325F2A78F0042A3C3 /* increasing_triplet_sequence.swift in Sources */,
				8861442C26473000002610FE /* find_longest_prefix.swift in Sources */,
				8859B75525F26ED600FE48A9 /* average_of_levels_in_binarytree.swift in Sources */,
				888D0FF9264AFEDA00312073 /* generate_a_random_number.swift in Sources */,
				88541A1125EAE77600481CD9 /* rotate_image.swift in Sources */,
				88F7668325F1591D0009082A /* longest_palindromic_ substring.swift in Sources */,
				886F080A264F10BB0039EE0C /* copy_recursively.swift in Sources */,
				88F4330E2650A89200BD6883 /* find_duplicate_filenames.swift in Sources */,
				88F48DD7264DBD290096C538 /* subtract_without_subtract.swift in Sources */,
				885419F925EAE47400481CD9 /* best_time_to_buy_and_sell_stock2.swift in Sources */,
				889F4D0625EC2B5200B8010A /* merge_sorted_array.swift in Sources */,
				885419E625EAE1E500481CD9 /* main.swift in Sources */,
				889F4CF525EBC51100B8010A /* first_unique_character_in_string.swift in Sources */,
				8861442A26473000002610FE /* is_palindrome.swift in Sources */,
				88912A2225EE3B63005D6323 /* longest_common_prefix.swift in Sources */,
				888D0FFF264B069900312073 /* number_is_prime.swift in Sources */,
				889F4CF225EBC4FB00B8010A /* reverse_integer.swift in Sources */,
				88541A0525EAE6C400481CD9 /* intersect_of_two_arrays2.swift in Sources */,
				8861443226473000002610FE /* three_different_letters.swift in Sources */,
				88541A0B25EAE6FD00481CD9 /* move_zeroes.swift in Sources */,
				8859B75925F2742D00FE48A9 /* longest_substr_without_repeating_characters.swift in Sources */,
				8861442D26473000002610FE /* string_is_rotated.swift in Sources */,
				886F0806264F021D0039EE0C /* documents_dir.swift in Sources */,
				88F4331A265149CE00BD6883 /* find_N_smallest.swift in Sources */,
				88F433152650B76000BD6883 /* print_error_lines.swift in Sources */,
				88F433132650B07900BD6883 /* convert_images.swift in Sources */,
				8861443426473000002610FE /* vowels_and_constants.swift in Sources */,
				88B18D1525EEBFC4002A5A8A /* group_anagrams.swift in Sources */,
				88F433182651481F00BD6883 /* count_the_numbers.swift in Sources */,
				885419F025EAE23800481CD9 /* remove_duplicates.swift in Sources */,
				886F0808264F05130039EE0C /* new_jpegs.swift in Sources */,
				88912A2525EE4321005D6323 /* count_and_say.swift in Sources */,
				8862B4C4264A017E00706A06 /* reverse_the_words.swift in Sources */,
				886F0802264EFD740039EE0C /* print_last_lines.swift in Sources */,
				888D0FFD264B032F00312073 /* swap_two_number.swift in Sources */,
				88F7668625F16B770009082A /* get_intersect_two_linked_list.swift in Sources */,
				88912A1F25EE3789005D6323 /* set_mismatch.swift in Sources */,
				888D1001264B0C4F00312073 /* counting_binary_ones.swift in Sources */,
				8861442E26473000002610FE /* count_characters.swift in Sources */,
				88F43300265098BC00BD6883 /* chunk_array.swift in Sources */,
				88F4331C26514E1100BD6883 /* sorting_a_string_by_array_length.swift in Sources */,
				88912A2A25EE6624005D6323 /* delete_node_in_list.swift in Sources */,
				88C7732825F2B0680042A3C3 /* add_two_numbers.swift in Sources */,
				8861443526473000002610FE /* contains_same_characters.swift in Sources */,
				886F0804264EFF220039EE0C /* log_a_message.swift in Sources */,
				8862B4C7264A037300706A06 /* fizz_buzz.swift in Sources */,
				88F433102650AE1500BD6883 /* find_executables.swift in Sources */,
				88F48DD1264DB2F30096C538 /* integer_disguised_as_string.swift in Sources */,
				885419F625EAE44500481CD9 /* Helper.swift in Sources */,
				8862B4C22649FEB900706A06 /* string_permuatations.swift in Sources */,
				889F4CF925EBC6F400B8010A /* valid_palindrome.swift in Sources */,
				88F48DD5264DB80C0096C538 /* calculate_square_root_by_hand.swift in Sources */,
				88F48DD3264DB6300096C538 /* add_numbers_inside_string.swift in Sources */,
				88F7668925F1839E0009082A /* missing_number.swift in Sources */,
				88541A0225EAE65C00481CD9 /* single_number.swift in Sources */,
				889F4CFC25EBC71F00B8010A /* valid_anagram.swift in Sources */,
				884B4B7F25ED901A00DBED1C /* distribute_candies.swift in Sources */,
				8861442B26473000002610FE /* condense_whitespace.swift in Sources */,
				888D0FFB264B005E00312073 /* recreate_the_pow_func.swift in Sources */,
				88B18D1225EEB7C9002A5A8A /* set_matrix_zeroes.swift in Sources */,
				889F4CEE25EBC4DC00B8010A /* reverse_string.swift in Sources */,
				885419FF25EAE5E200481CD9 /* contains_duplicate.swift in Sources */,
				885419FC25EAE4F700481CD9 /* rotate_array.swift in Sources */,
				889F4CFF25EBEA6C00B8010A /* string_to_integer_atoi.swift in Sources */,
			);
			runOnlyForDeploymentPostprocessing = 0;
		};
/* End PBXSourcesBuildPhase section */

/* Begin XCBuildConfiguration section */
		885419E725EAE1E500481CD9 /* Debug */ = {
			isa = XCBuildConfiguration;
			buildSettings = {
				ALWAYS_SEARCH_USER_PATHS = NO;
				CLANG_ANALYZER_NONNULL = YES;
				CLANG_ANALYZER_NUMBER_OBJECT_CONVERSION = YES_AGGRESSIVE;
				CLANG_CXX_LANGUAGE_STANDARD = "gnu++14";
				CLANG_CXX_LIBRARY = "libc++";
				CLANG_ENABLE_MODULES = YES;
				CLANG_ENABLE_OBJC_ARC = YES;
				CLANG_ENABLE_OBJC_WEAK = YES;
				CLANG_WARN_BLOCK_CAPTURE_AUTORELEASING = YES;
				CLANG_WARN_BOOL_CONVERSION = YES;
				CLANG_WARN_COMMA = YES;
				CLANG_WARN_CONSTANT_CONVERSION = YES;
				CLANG_WARN_DEPRECATED_OBJC_IMPLEMENTATIONS = YES;
				CLANG_WARN_DIRECT_OBJC_ISA_USAGE = YES_ERROR;
				CLANG_WARN_DOCUMENTATION_COMMENTS = YES;
				CLANG_WARN_EMPTY_BODY = YES;
				CLANG_WARN_ENUM_CONVERSION = YES;
				CLANG_WARN_INFINITE_RECURSION = YES;
				CLANG_WARN_INT_CONVERSION = YES;
				CLANG_WARN_NON_LITERAL_NULL_CONVERSION = YES;
				CLANG_WARN_OBJC_IMPLICIT_RETAIN_SELF = YES;
				CLANG_WARN_OBJC_LITERAL_CONVERSION = YES;
				CLANG_WARN_OBJC_ROOT_CLASS = YES_ERROR;
				CLANG_WARN_QUOTED_INCLUDE_IN_FRAMEWORK_HEADER = YES;
				CLANG_WARN_RANGE_LOOP_ANALYSIS = YES;
				CLANG_WARN_STRICT_PROTOTYPES = YES;
				CLANG_WARN_SUSPICIOUS_MOVE = YES;
				CLANG_WARN_UNGUARDED_AVAILABILITY = YES_AGGRESSIVE;
				CLANG_WARN_UNREACHABLE_CODE = YES;
				CLANG_WARN__DUPLICATE_METHOD_MATCH = YES;
				COPY_PHASE_STRIP = NO;
				DEBUG_INFORMATION_FORMAT = dwarf;
				ENABLE_STRICT_OBJC_MSGSEND = YES;
				ENABLE_TESTABILITY = YES;
				GCC_C_LANGUAGE_STANDARD = gnu11;
				GCC_DYNAMIC_NO_PIC = NO;
				GCC_NO_COMMON_BLOCKS = YES;
				GCC_OPTIMIZATION_LEVEL = 0;
				GCC_PREPROCESSOR_DEFINITIONS = (
					"DEBUG=1",
					"$(inherited)",
				);
				GCC_WARN_64_TO_32_BIT_CONVERSION = YES;
				GCC_WARN_ABOUT_RETURN_TYPE = YES_ERROR;
				GCC_WARN_UNDECLARED_SELECTOR = YES;
				GCC_WARN_UNINITIALIZED_AUTOS = YES_AGGRESSIVE;
				GCC_WARN_UNUSED_FUNCTION = YES;
				GCC_WARN_UNUSED_VARIABLE = YES;
				MACOSX_DEPLOYMENT_TARGET = 11.1;
				MTL_ENABLE_DEBUG_INFO = INCLUDE_SOURCE;
				MTL_FAST_MATH = YES;
				ONLY_ACTIVE_ARCH = YES;
				SDKROOT = macosx;
				SWIFT_ACTIVE_COMPILATION_CONDITIONS = DEBUG;
				SWIFT_OPTIMIZATION_LEVEL = "-Onone";
			};
			name = Debug;
		};
		885419E825EAE1E500481CD9 /* Release */ = {
			isa = XCBuildConfiguration;
			buildSettings = {
				ALWAYS_SEARCH_USER_PATHS = NO;
				CLANG_ANALYZER_NONNULL = YES;
				CLANG_ANALYZER_NUMBER_OBJECT_CONVERSION = YES_AGGRESSIVE;
				CLANG_CXX_LANGUAGE_STANDARD = "gnu++14";
				CLANG_CXX_LIBRARY = "libc++";
				CLANG_ENABLE_MODULES = YES;
				CLANG_ENABLE_OBJC_ARC = YES;
				CLANG_ENABLE_OBJC_WEAK = YES;
				CLANG_WARN_BLOCK_CAPTURE_AUTORELEASING = YES;
				CLANG_WARN_BOOL_CONVERSION = YES;
				CLANG_WARN_COMMA = YES;
				CLANG_WARN_CONSTANT_CONVERSION = YES;
				CLANG_WARN_DEPRECATED_OBJC_IMPLEMENTATIONS = YES;
				CLANG_WARN_DIRECT_OBJC_ISA_USAGE = YES_ERROR;
				CLANG_WARN_DOCUMENTATION_COMMENTS = YES;
				CLANG_WARN_EMPTY_BODY = YES;
				CLANG_WARN_ENUM_CONVERSION = YES;
				CLANG_WARN_INFINITE_RECURSION = YES;
				CLANG_WARN_INT_CONVERSION = YES;
				CLANG_WARN_NON_LITERAL_NULL_CONVERSION = YES;
				CLANG_WARN_OBJC_IMPLICIT_RETAIN_SELF = YES;
				CLANG_WARN_OBJC_LITERAL_CONVERSION = YES;
				CLANG_WARN_OBJC_ROOT_CLASS = YES_ERROR;
				CLANG_WARN_QUOTED_INCLUDE_IN_FRAMEWORK_HEADER = YES;
				CLANG_WARN_RANGE_LOOP_ANALYSIS = YES;
				CLANG_WARN_STRICT_PROTOTYPES = YES;
				CLANG_WARN_SUSPICIOUS_MOVE = YES;
				CLANG_WARN_UNGUARDED_AVAILABILITY = YES_AGGRESSIVE;
				CLANG_WARN_UNREACHABLE_CODE = YES;
				CLANG_WARN__DUPLICATE_METHOD_MATCH = YES;
				COPY_PHASE_STRIP = NO;
				DEBUG_INFORMATION_FORMAT = "dwarf-with-dsym";
				ENABLE_NS_ASSERTIONS = NO;
				ENABLE_STRICT_OBJC_MSGSEND = YES;
				GCC_C_LANGUAGE_STANDARD = gnu11;
				GCC_NO_COMMON_BLOCKS = YES;
				GCC_WARN_64_TO_32_BIT_CONVERSION = YES;
				GCC_WARN_ABOUT_RETURN_TYPE = YES_ERROR;
				GCC_WARN_UNDECLARED_SELECTOR = YES;
				GCC_WARN_UNINITIALIZED_AUTOS = YES_AGGRESSIVE;
				GCC_WARN_UNUSED_FUNCTION = YES;
				GCC_WARN_UNUSED_VARIABLE = YES;
				MACOSX_DEPLOYMENT_TARGET = 11.1;
				MTL_ENABLE_DEBUG_INFO = NO;
				MTL_FAST_MATH = YES;
				SDKROOT = macosx;
				SWIFT_COMPILATION_MODE = wholemodule;
				SWIFT_OPTIMIZATION_LEVEL = "-O";
			};
			name = Release;
		};
		885419EA25EAE1E500481CD9 /* Debug */ = {
			isa = XCBuildConfiguration;
			buildSettings = {
				CODE_SIGN_STYLE = Automatic;
				DEVELOPMENT_TEAM = 7772ZUX4ZL;
				ENABLE_HARDENED_RUNTIME = YES;
				PRODUCT_NAME = "$(TARGET_NAME)";
				SWIFT_VERSION = 5.0;
			};
			name = Debug;
		};
		885419EB25EAE1E500481CD9 /* Release */ = {
			isa = XCBuildConfiguration;
			buildSettings = {
				CODE_SIGN_STYLE = Automatic;
				DEVELOPMENT_TEAM = 7772ZUX4ZL;
				ENABLE_HARDENED_RUNTIME = YES;
				PRODUCT_NAME = "$(TARGET_NAME)";
				SWIFT_VERSION = 5.0;
			};
			name = Release;
		};
/* End XCBuildConfiguration section */

/* Begin XCConfigurationList section */
		885419DD25EAE1E500481CD9 /* Build configuration list for PBXProject "leetcode-interview-swift" */ = {
			isa = XCConfigurationList;
			buildConfigurations = (
				885419E725EAE1E500481CD9 /* Debug */,
				885419E825EAE1E500481CD9 /* Release */,
			);
			defaultConfigurationIsVisible = 0;
			defaultConfigurationName = Release;
		};
		885419E925EAE1E500481CD9 /* Build configuration list for PBXNativeTarget "leetcode-interview-swift" */ = {
			isa = XCConfigurationList;
			buildConfigurations = (
				885419EA25EAE1E500481CD9 /* Debug */,
				885419EB25EAE1E500481CD9 /* Release */,
			);
			defaultConfigurationIsVisible = 0;
			defaultConfigurationName = Release;
		};
/* End XCConfigurationList section */
	};
	rootObject = 885419DA25EAE1E500481CD9 /* Project object */;
}
